// !$*UTF8*$!
{
	archiveVersion = 1;
	classes = {
	};
	objectVersion = 48;
	objects = {

/* Begin PBXBuildFile section */
		00176EBB20123785009E92B8 /* JwelleryMain.swift in Sources */ = {isa = PBXBuildFile; fileRef = 00176EBA20123785009E92B8 /* JwelleryMain.swift */; };
		00176EBE20124BAE009E92B8 /* DesignJwellery.swift in Sources */ = {isa = PBXBuildFile; fileRef = 00176EBC20124BAE009E92B8 /* DesignJwellery.swift */; };
		00176EBF20124BAE009E92B8 /* DesignJwellery.xib in Resources */ = {isa = PBXBuildFile; fileRef = 00176EBD20124BAE009E92B8 /* DesignJwellery.xib */; };
		00176EC1201348B6009E92B8 /* subJwellery.swift in Sources */ = {isa = PBXBuildFile; fileRef = 00176EC0201348B6009E92B8 /* subJwellery.swift */; };
		00176EC920139484009E92B8 /* SideBarRudraksh.swift in Sources */ = {isa = PBXBuildFile; fileRef = 00176EC820139483009E92B8 /* SideBarRudraksh.swift */; };
		00176ECB20139496009E92B8 /* RudrakshaGroup.swift in Sources */ = {isa = PBXBuildFile; fileRef = 00176ECA20139495009E92B8 /* RudrakshaGroup.swift */; };
		00176ECD201394A2009E92B8 /* RudrakshaPopupView.swift in Sources */ = {isa = PBXBuildFile; fileRef = 00176ECC201394A1009E92B8 /* RudrakshaPopupView.swift */; };
		002A93C3200D356400688259 /* Birthstones.swift in Sources */ = {isa = PBXBuildFile; fileRef = 002A93C2200D356400688259 /* Birthstones.swift */; };
		002A93C5200D359600688259 /* Cabochons.swift in Sources */ = {isa = PBXBuildFile; fileRef = 002A93C4200D359600688259 /* Cabochons.swift */; };
		0037B198200E7482003697BA /* SemiPreciousGems.swift in Sources */ = {isa = PBXBuildFile; fileRef = 0037B197200E7482003697BA /* SemiPreciousGems.swift */; };
		0037B19A200E8FCF003697BA /* HomePageData.swift in Sources */ = {isa = PBXBuildFile; fileRef = 0037B199200E8FCF003697BA /* HomePageData.swift */; };
		0037B19D200FA15B003697BA /* HomeStoneSingles.swift in Sources */ = {isa = PBXBuildFile; fileRef = 0037B19B200FA15B003697BA /* HomeStoneSingles.swift */; };
		0037B19E200FA15B003697BA /* HomeStoneSingles.xib in Resources */ = {isa = PBXBuildFile; fileRef = 0037B19C200FA15B003697BA /* HomeStoneSingles.xib */; };
		0042D7BA20012FBE00DF8722 /* Japamala,saphticitems,stoneidols.swift in Sources */ = {isa = PBXBuildFile; fileRef = 0042D7B920012FBE00DF8722 /* Japamala,saphticitems,stoneidols.swift */; };
		0042D7BC200157D100DF8722 /* Diamond.swift in Sources */ = {isa = PBXBuildFile; fileRef = 0042D7BB200157D100DF8722 /* Diamond.swift */; };
		0044357920068A4D008C4ECF /* YantraGroup.swift in Sources */ = {isa = PBXBuildFile; fileRef = 0044357720068A4D008C4ECF /* YantraGroup.swift */; };
		0044357A20068A4D008C4ECF /* YantraPopUp.swift in Sources */ = {isa = PBXBuildFile; fileRef = 0044357820068A4D008C4ECF /* YantraPopUp.swift */; };
		00476C862018A41F002A0B1B /* SemiPreciousGemsData2.swift in Sources */ = {isa = PBXBuildFile; fileRef = 00476C852018A41F002A0B1B /* SemiPreciousGemsData2.swift */; };
		0084AD40200FB7F600A663CF /* HomeStonesDetailed.swift in Sources */ = {isa = PBXBuildFile; fileRef = 0084AD3F200FB7F600A663CF /* HomeStonesDetailed.swift */; };
		00884BB82003FEB400ECF7FD /* WebViewBig.xib in Resources */ = {isa = PBXBuildFile; fileRef = 00884BB72003FEB400ECF7FD /* WebViewBig.xib */; };
		00944BBF200D156E0025306A /* LoginViewController.swift in Sources */ = {isa = PBXBuildFile; fileRef = 00944BBE200D156D0025306A /* LoginViewController.swift */; };
		00A594AD2006A28F009ACA05 /* HandiMultipleView.swift in Sources */ = {isa = PBXBuildFile; fileRef = 00A594AA2006A28D009ACA05 /* HandiMultipleView.swift */; };
		00A594AE2006A28F009ACA05 /* HandicraftsPots.swift in Sources */ = {isa = PBXBuildFile; fileRef = 00A594AB2006A28E009ACA05 /* HandicraftsPots.swift */; };
		00A594AF2006A28F009ACA05 /* handiSideBar.swift in Sources */ = {isa = PBXBuildFile; fileRef = 00A594AC2006A28E009ACA05 /* handiSideBar.swift */; };
		00C86E99200BB04E0060E04E /* GemstoneRecommendation.swift in Sources */ = {isa = PBXBuildFile; fileRef = 00C86E98200BB04D0060E04E /* GemstoneRecommendation.swift */; };
		00C86E9B200BC7810060E04E /* GemstoneAstrology.swift in Sources */ = {isa = PBXBuildFile; fileRef = 00C86E9A200BC7810060E04E /* GemstoneAstrology.swift */; };
		00C86E9D200BE1AE0060E04E /* TriangleGemstones.swift in Sources */ = {isa = PBXBuildFile; fileRef = 00C86E9C200BE1AE0060E04E /* TriangleGemstones.swift */; };
		00D998112007D65500D10D3F /* Perfumes.swift in Sources */ = {isa = PBXBuildFile; fileRef = 00D998102007D65500D10D3F /* Perfumes.swift */; };
		00DDCB731FFD402200F00415 /* WebViewBig.swift in Sources */ = {isa = PBXBuildFile; fileRef = 00DDCB711FFD402200F00415 /* WebViewBig.swift */; };
		00F343F71FFD511300CF03D9 /* ConnectWithUs.swift in Sources */ = {isa = PBXBuildFile; fileRef = 00F343F61FFD511300CF03D9 /* ConnectWithUs.swift */; };
		00F6AB461FFFD362003907B5 /* Extra.swift in Sources */ = {isa = PBXBuildFile; fileRef = 00F6AB441FFFD362003907B5 /* Extra.swift */; };
		00F6AB471FFFD362003907B5 /* Extra.xib in Resources */ = {isa = PBXBuildFile; fileRef = 00F6AB451FFFD362003907B5 /* Extra.xib */; };
		00F6AB4D200003B8003907B5 /* Kavach.swift in Sources */ = {isa = PBXBuildFile; fileRef = 00F6AB4C200003B8003907B5 /* Kavach.swift */; };
		00F85A0D201883C800796A8B /* SemiPreciousGemsData.swift in Sources */ = {isa = PBXBuildFile; fileRef = 00F85A0C201883C800796A8B /* SemiPreciousGemsData.swift */; };
		3A2CFF09210F36EA001C7555 /* MyAccountViewController.swift in Sources */ = {isa = PBXBuildFile; fileRef = 3A2CFF08210F36EA001C7555 /* MyAccountViewController.swift */; };
		3A660A0720F1165D008EDF6C /* GetHoroscope.swift in Sources */ = {isa = PBXBuildFile; fileRef = 3A660A0620F1165D008EDF6C /* GetHoroscope.swift */; };
		3AB905EB20F8ACDA00EAEDB3 /* AstrologyMain.storyboard in Resources */ = {isa = PBXBuildFile; fileRef = 3AB905EA20F8ACDA00EAEDB3 /* AstrologyMain.storyboard */; };
		3ACE495A2110BDD5000347A1 /* Account.storyboard in Resources */ = {isa = PBXBuildFile; fileRef = 3ACE49592110BDD5000347A1 /* Account.storyboard */; };
		3ACE495E2110BFCD000347A1 /* ForgetPAssword.storyboard in Resources */ = {isa = PBXBuildFile; fileRef = 3ACE495D2110BFCD000347A1 /* ForgetPAssword.storyboard */; };
		3ACE49602110C008000347A1 /* Login.storyboard in Resources */ = {isa = PBXBuildFile; fileRef = 3ACE495F2110C008000347A1 /* Login.storyboard */; };
		3ACE49622110C0A1000347A1 /* RudrakshSideBar.storyboard in Resources */ = {isa = PBXBuildFile; fileRef = 3ACE49612110C0A1000347A1 /* RudrakshSideBar.storyboard */; };
		3ACE49652110C158000347A1 /* SignUP.storyboard in Resources */ = {isa = PBXBuildFile; fileRef = 3ACE49642110C158000347A1 /* SignUP.storyboard */; };
		3ACE49672110C1C8000347A1 /* PreciousGemstone.storyboard in Resources */ = {isa = PBXBuildFile; fileRef = 3ACE49662110C1C8000347A1 /* PreciousGemstone.storyboard */; };
		3ACE496A2110C298000347A1 /* DiamondTuddedJewelery.storyboard in Resources */ = {isa = PBXBuildFile; fileRef = 3ACE49692110C298000347A1 /* DiamondTuddedJewelery.storyboard */; };
		3ACE496E2110C31B000347A1 /* DesignYourOwnJwell.storyboard in Resources */ = {isa = PBXBuildFile; fileRef = 3ACE496D2110C31B000347A1 /* DesignYourOwnJwell.storyboard */; };
		3ACE49712110C35D000347A1 /* CollectionViewForDiamonds.storyboard in Resources */ = {isa = PBXBuildFile; fileRef = 3ACE49702110C35D000347A1 /* CollectionViewForDiamonds.storyboard */; };
		3ACE49732110C37E000347A1 /* JwelleryMain.storyboard in Resources */ = {isa = PBXBuildFile; fileRef = 3ACE49722110C37E000347A1 /* JwelleryMain.storyboard */; };
		3ACE49752110C3EB000347A1 /* RudrakshMain.storyboard in Resources */ = {isa = PBXBuildFile; fileRef = 3ACE49742110C3EB000347A1 /* RudrakshMain.storyboard */; };
		3ACE49772110C41D000347A1 /* Mala.storyboard in Resources */ = {isa = PBXBuildFile; fileRef = 3ACE49762110C41D000347A1 /* Mala.storyboard */; };
		3ACE49792110C43D000347A1 /* Bracelets.storyboard in Resources */ = {isa = PBXBuildFile; fileRef = 3ACE49782110C43D000347A1 /* Bracelets.storyboard */; };
		3ACE497B2110C451000347A1 /* BeadsPopUp.storyboard in Resources */ = {isa = PBXBuildFile; fileRef = 3ACE497A2110C451000347A1 /* BeadsPopUp.storyboard */; };
		3ACE497D2110C4BF000347A1 /* Yugal.storyboard in Resources */ = {isa = PBXBuildFile; fileRef = 3ACE497C2110C4BF000347A1 /* Yugal.storyboard */; };
		3ACE497F2110C4E2000347A1 /* Popups.storyboard in Resources */ = {isa = PBXBuildFile; fileRef = 3ACE497E2110C4E2000347A1 /* Popups.storyboard */; };
		3ACE49812110C536000347A1 /* Faqs.storyboard in Resources */ = {isa = PBXBuildFile; fileRef = 3ACE49802110C536000347A1 /* Faqs.storyboard */; };
		3ACE49832110C56D000347A1 /* JapMala.storyboard in Resources */ = {isa = PBXBuildFile; fileRef = 3ACE49822110C56D000347A1 /* JapMala.storyboard */; };
		3ACE49852110C59F000347A1 /* Diamonds.storyboard in Resources */ = {isa = PBXBuildFile; fileRef = 3ACE49842110C59F000347A1 /* Diamonds.storyboard */; };
		3ACE49872110C5D6000347A1 /* HandiSideBar.storyboard in Resources */ = {isa = PBXBuildFile; fileRef = 3ACE49862110C5D6000347A1 /* HandiSideBar.storyboard */; };
		3ACE498B2110C617000347A1 /* Kavach.storyboard in Resources */ = {isa = PBXBuildFile; fileRef = 3ACE498A2110C617000347A1 /* Kavach.storyboard */; };
		3ACE498D2110C63F000347A1 /* Pots.storyboard in Resources */ = {isa = PBXBuildFile; fileRef = 3ACE498C2110C63F000347A1 /* Pots.storyboard */; };
		3ACE498F2110C65E000347A1 /* HandiMultipleViews.storyboard in Resources */ = {isa = PBXBuildFile; fileRef = 3ACE498E2110C65E000347A1 /* HandiMultipleViews.storyboard */; };
		3ACE49912110C6DE000347A1 /* GemStoneRecomendation.storyboard in Resources */ = {isa = PBXBuildFile; fileRef = 3ACE49902110C6DE000347A1 /* GemStoneRecomendation.storyboard */; };
		3ACE49932110C70D000347A1 /* Cabochons.storyboard in Resources */ = {isa = PBXBuildFile; fileRef = 3ACE49922110C70D000347A1 /* Cabochons.storyboard */; };
		3ACE49952110C723000347A1 /* FaqMain.storyboard in Resources */ = {isa = PBXBuildFile; fileRef = 3ACE49942110C723000347A1 /* FaqMain.storyboard */; };
		3ACE49972110C736000347A1 /* BirthStones.storyboard in Resources */ = {isa = PBXBuildFile; fileRef = 3ACE49962110C736000347A1 /* BirthStones.storyboard */; };
		3ACE49992110C74C000347A1 /* SemiPreciousStones.storyboard in Resources */ = {isa = PBXBuildFile; fileRef = 3ACE49982110C74C000347A1 /* SemiPreciousStones.storyboard */; };
		3ACE499B2110C766000347A1 /* ConnectWithUS.storyboard in Resources */ = {isa = PBXBuildFile; fileRef = 3ACE499A2110C766000347A1 /* ConnectWithUS.storyboard */; };
		3ACE499E2110C781000347A1 /* VisitUS.storyboard in Resources */ = {isa = PBXBuildFile; fileRef = 3ACE499D2110C781000347A1 /* VisitUS.storyboard */; };
		3ACE49A02110C7AA000347A1 /* Perfumes.storyboard in Resources */ = {isa = PBXBuildFile; fileRef = 3ACE499F2110C7AA000347A1 /* Perfumes.storyboard */; };
		3ACE49A32110C7CE000347A1 /* TriangularGemstones.storyboard in Resources */ = {isa = PBXBuildFile; fileRef = 3ACE49A22110C7CE000347A1 /* TriangularGemstones.storyboard */; };
		3ACE49A52110C7EA000347A1 /* ReturnPolicy.storyboard in Resources */ = {isa = PBXBuildFile; fileRef = 3ACE49A42110C7EA000347A1 /* ReturnPolicy.storyboard */; };
		3ACE49A72110C807000347A1 /* GemStoneToWear.storyboard in Resources */ = {isa = PBXBuildFile; fileRef = 3ACE49A62110C807000347A1 /* GemStoneToWear.storyboard */; };
		3ACE49A92110C82B000347A1 /* Beads.storyboard in Resources */ = {isa = PBXBuildFile; fileRef = 3ACE49A82110C82B000347A1 /* Beads.storyboard */; };
		3ACE49AB2110C85F000347A1 /* RudrakshParentController.storyboard in Resources */ = {isa = PBXBuildFile; fileRef = 3ACE49AA2110C85F000347A1 /* RudrakshParentController.storyboard */; };
		3ACE49AD2110C8D0000347A1 /* Yantras.storyboard in Resources */ = {isa = PBXBuildFile; fileRef = 3ACE49AC2110C8D0000347A1 /* Yantras.storyboard */; };
		3ACE49AF2110C904000347A1 /* DiamondParent.storyboard in Resources */ = {isa = PBXBuildFile; fileRef = 3ACE49AE2110C904000347A1 /* DiamondParent.storyboard */; };
		3ACE49B12110C95E000347A1 /* HandiCraftParent.storyboard in Resources */ = {isa = PBXBuildFile; fileRef = 3ACE49B02110C95E000347A1 /* HandiCraftParent.storyboard */; };
		3ACE49B32110C98F000347A1 /* PerfumesParent.storyboard in Resources */ = {isa = PBXBuildFile; fileRef = 3ACE49B22110C98F000347A1 /* PerfumesParent.storyboard */; };
		3ACE49B52110C9E1000347A1 /* TriangularGemstonesParent.storyboard in Resources */ = {isa = PBXBuildFile; fileRef = 3ACE49B42110C9E1000347A1 /* TriangularGemstonesParent.storyboard */; };
		3ACE49B82110CA3B000347A1 /* HandiParents.storyboard in Resources */ = {isa = PBXBuildFile; fileRef = 3ACE49B72110CA3B000347A1 /* HandiParents.storyboard */; };
		3ACE49BA2110CA5E000347A1 /* KavachParent.storyboard in Resources */ = {isa = PBXBuildFile; fileRef = 3ACE49B92110CA5E000347A1 /* KavachParent.storyboard */; };
		3ACE49BD2110CA90000347A1 /* AccountParent.storyboard in Resources */ = {isa = PBXBuildFile; fileRef = 3ACE49BC2110CA90000347A1 /* AccountParent.storyboard */; };
		3ACE49C02110CAFE000347A1 /* JewelleryMain.storyboard in Resources */ = {isa = PBXBuildFile; fileRef = 3ACE49BF2110CAFE000347A1 /* JewelleryMain.storyboard */; };
		3ACE49C22110CB35000347A1 /* PreciousGemstoneParent.storyboard in Resources */ = {isa = PBXBuildFile; fileRef = 3ACE49C12110CB35000347A1 /* PreciousGemstoneParent.storyboard */; };
		3ACE49C52110CB76000347A1 /* JapMalaParent.storyboard in Resources */ = {isa = PBXBuildFile; fileRef = 3ACE49C42110CB76000347A1 /* JapMalaParent.storyboard */; };
		3ACE49C82110CBB8000347A1 /* YugalParent.storyboard in Resources */ = {isa = PBXBuildFile; fileRef = 3ACE49C72110CBB8000347A1 /* YugalParent.storyboard */; };
		3ACE49CA2110CC5A000347A1 /* GemTowearParent.storyboard in Resources */ = {isa = PBXBuildFile; fileRef = 3ACE49C92110CC5A000347A1 /* GemTowearParent.storyboard */; };
		3ACE49CC2110CC74000347A1 /* CabochonsParent.storyboard in Resources */ = {isa = PBXBuildFile; fileRef = 3ACE49CB2110CC74000347A1 /* CabochonsParent.storyboard */; };
		3ACE49CF2110CCA6000347A1 /* GemRecommendationParent.storyboard in Resources */ = {isa = PBXBuildFile; fileRef = 3ACE49CE2110CCA6000347A1 /* GemRecommendationParent.storyboard */; };
		3ACE49D22110CCE5000347A1 /* YantraPopUP.storyboard in Resources */ = {isa = PBXBuildFile; fileRef = 3ACE49D12110CCE5000347A1 /* YantraPopUP.storyboard */; };
		3ACE49D52110CD19000347A1 /* FaqMainParent.storyboard in Resources */ = {isa = PBXBuildFile; fileRef = 3ACE49D42110CD19000347A1 /* FaqMainParent.storyboard */; };
		3ACE49D72110CD3E000347A1 /* BirthStonesMain.storyboard in Resources */ = {isa = PBXBuildFile; fileRef = 3ACE49D62110CD3E000347A1 /* BirthStonesMain.storyboard */; };
		3ACE49DA2110CD69000347A1 /* SemiPreciousStonesParent.storyboard in Resources */ = {isa = PBXBuildFile; fileRef = 3ACE49D92110CD69000347A1 /* SemiPreciousStonesParent.storyboard */; };
		3ACE49DD2110CDD4000347A1 /* AstrologyMainParents.storyboard in Resources */ = {isa = PBXBuildFile; fileRef = 3ACE49DC2110CDD4000347A1 /* AstrologyMainParents.storyboard */; };
		3ACE49DF2110CE0F000347A1 /* ConnectWithUsMain.storyboard in Resources */ = {isa = PBXBuildFile; fileRef = 3ACE49DE2110CE0F000347A1 /* ConnectWithUsMain.storyboard */; };
		3ACE49E12110CE57000347A1 /* HomeStones.storyboard in Resources */ = {isa = PBXBuildFile; fileRef = 3ACE49E02110CE57000347A1 /* HomeStones.storyboard */; };
		3AF62FFF20F338FC005BBC2D /* IndianAstrology.storyboard in Resources */ = {isa = PBXBuildFile; fileRef = 3AF62FFE20F338FC005BBC2D /* IndianAstrology.storyboard */; };
		3AF6300120F33911005BBC2D /* WesternAstrology.storyboard in Resources */ = {isa = PBXBuildFile; fileRef = 3AF6300020F33911005BBC2D /* WesternAstrology.storyboard */; };
		3AF6300320F3393D005BBC2D /* MatchMaking.storyboard in Resources */ = {isa = PBXBuildFile; fileRef = 3AF6300220F3393D005BBC2D /* MatchMaking.storyboard */; };
		3AF6300620F33B16005BBC2D /* IndianAstrology.swift in Sources */ = {isa = PBXBuildFile; fileRef = 3AF6300520F33B16005BBC2D /* IndianAstrology.swift */; };
		3AF6300820F33CA5005BBC2D /* WesternAstrology.swift in Sources */ = {isa = PBXBuildFile; fileRef = 3AF6300720F33CA5005BBC2D /* WesternAstrology.swift */; };
		3AF6300A20F33CB7005BBC2D /* MatchMaking.swift in Sources */ = {isa = PBXBuildFile; fileRef = 3AF6300920F33CB7005BBC2D /* MatchMaking.swift */; };
		3AF6300C20F344AC005BBC2D /* IndianAstrologyOutput.swift in Sources */ = {isa = PBXBuildFile; fileRef = 3AF6300B20F344AC005BBC2D /* IndianAstrologyOutput.swift */; };
		3AF6300F20F349EF005BBC2D /* DatePopUpViewController.swift in Sources */ = {isa = PBXBuildFile; fileRef = 3AF6300E20F349EF005BBC2D /* DatePopUpViewController.swift */; };
		3AF6301120F34B8B005BBC2D /* DatePopUp.storyboard in Resources */ = {isa = PBXBuildFile; fileRef = 3AF6301020F34B8B005BBC2D /* DatePopUp.storyboard */; };
		3AFC2C7A20F39026004D6FD3 /* AstrolgyMainViewController.swift in Sources */ = {isa = PBXBuildFile; fileRef = 3AFC2C7920F39026004D6FD3 /* AstrolgyMainViewController.swift */; };
		3AFC2C7C20F3983F004D6FD3 /* WesternAstrologyOutput.swift in Sources */ = {isa = PBXBuildFile; fileRef = 3AFC2C7B20F3983F004D6FD3 /* WesternAstrologyOutput.swift */; };
		3AFC2C8020F39899004D6FD3 /* MatchMakingOutput.swift in Sources */ = {isa = PBXBuildFile; fileRef = 3AFC2C7F20F39899004D6FD3 /* MatchMakingOutput.swift */; };
		4600F4DC1FAD0380000954D3 /* GoogleService-Info.plist in Resources */ = {isa = PBXBuildFile; fileRef = 4600F4DB1FAD037F000954D3 /* GoogleService-Info.plist */; };
		4600F4E01FAD0456000954D3 /* SWRevealViewController.m in Sources */ = {isa = PBXBuildFile; fileRef = 4600F4DF1FAD0455000954D3 /* SWRevealViewController.m */; };
		466859621FAF4AB700340BDB /* MainMenu.swift in Sources */ = {isa = PBXBuildFile; fileRef = 466859611FAF4AB700340BDB /* MainMenu.swift */; };
		4668A3F51F9FE63100CB64A7 /* AppDelegate.swift in Sources */ = {isa = PBXBuildFile; fileRef = 4668A3F41F9FE63100CB64A7 /* AppDelegate.swift */; };
		4668A3F71F9FE63100CB64A7 /* HomePage.swift in Sources */ = {isa = PBXBuildFile; fileRef = 4668A3F61F9FE63100CB64A7 /* HomePage.swift */; };
		4668A3FA1F9FE63100CB64A7 /* Main.storyboard in Resources */ = {isa = PBXBuildFile; fileRef = 4668A3F81F9FE63100CB64A7 /* Main.storyboard */; };
		4668A3FC1F9FE63100CB64A7 /* Assets.xcassets in Resources */ = {isa = PBXBuildFile; fileRef = 4668A3FB1F9FE63100CB64A7 /* Assets.xcassets */; };
		4668A3FF1F9FE63100CB64A7 /* LaunchScreen.storyboard in Resources */ = {isa = PBXBuildFile; fileRef = 4668A3FD1F9FE63100CB64A7 /* LaunchScreen.storyboard */; };
		9ECE7629DEBBECF14EBCB29C /* Pods_GemSelection.framework in Frameworks */ = {isa = PBXBuildFile; fileRef = 42B6B50811E25A6DA7F3BFA3 /* Pods_GemSelection.framework */; };
		F125227D20CAD52900D2C25B /* test.m in Sources */ = {isa = PBXBuildFile; fileRef = F125227C20CAD52900D2C25B /* test.m */; };
		F12E278820BD53910000E82C /* SectionHeaderCollectionReusableView.swift in Sources */ = {isa = PBXBuildFile; fileRef = F12E278720BD53910000E82C /* SectionHeaderCollectionReusableView.swift */; };
		F1548F4020CA8ABF0082602D /* PearlViewController.swift in Sources */ = {isa = PBXBuildFile; fileRef = F1548F3F20CA8ABF0082602D /* PearlViewController.swift */; };
		F1548F4220CA8B100082602D /* SapphireViewController.swift in Sources */ = {isa = PBXBuildFile; fileRef = F1548F4120CA8B100082602D /* SapphireViewController.swift */; };
		F1548F4420CA8B550082602D /* KeepInMindViewController.swift in Sources */ = {isa = PBXBuildFile; fileRef = F1548F4320CA8B550082602D /* KeepInMindViewController.swift */; };
		F1548F4620CA8B670082602D /* PurchasingGemsViewController.swift in Sources */ = {isa = PBXBuildFile; fileRef = F1548F4520CA8B670082602D /* PurchasingGemsViewController.swift */; };
		F1548F4820CA8B890082602D /* WhereToBuyViewController.swift in Sources */ = {isa = PBXBuildFile; fileRef = F1548F4720CA8B890082602D /* WhereToBuyViewController.swift */; };
		F1548F4D20CAA0D10082602D /* User.swift in Sources */ = {isa = PBXBuildFile; fileRef = F1548F4C20CAA0D10082602D /* User.swift */; };
		F15C797220C84CB3009ACFA3 /* HowToWearViewController.swift in Sources */ = {isa = PBXBuildFile; fileRef = F15C797120C84CB3009ACFA3 /* HowToWearViewController.swift */; };
		F15C797420C84D36009ACFA3 /* HowGemsStonesWorksViewController.swift in Sources */ = {isa = PBXBuildFile; fileRef = F15C797320C84D36009ACFA3 /* HowGemsStonesWorksViewController.swift */; };
		F1BF857520C6F8C500881604 /* ReturnPlicyViewController.swift in Sources */ = {isa = PBXBuildFile; fileRef = F1BF857420C6F8C500881604 /* ReturnPlicyViewController.swift */; };
		F1C80B3120BC9FA200AF0F88 /* SignUpViewController.swift in Sources */ = {isa = PBXBuildFile; fileRef = F1C80B3020BC9FA200AF0F88 /* SignUpViewController.swift */; };
/* End PBXBuildFile section */

/* Begin PBXFileReference section */
		00176EBA20123785009E92B8 /* JwelleryMain.swift */ = {isa = PBXFileReference; lastKnownFileType = sourcecode.swift; path = JwelleryMain.swift; sourceTree = "<group>"; };
		00176EBC20124BAE009E92B8 /* DesignJwellery.swift */ = {isa = PBXFileReference; lastKnownFileType = sourcecode.swift; path = DesignJwellery.swift; sourceTree = "<group>"; };
		00176EBD20124BAE009E92B8 /* DesignJwellery.xib */ = {isa = PBXFileReference; lastKnownFileType = file.xib; path = DesignJwellery.xib; sourceTree = "<group>"; };
		00176EC0201348B6009E92B8 /* subJwellery.swift */ = {isa = PBXFileReference; lastKnownFileType = sourcecode.swift; path = subJwellery.swift; sourceTree = "<group>"; };
		00176EC820139483009E92B8 /* SideBarRudraksh.swift */ = {isa = PBXFileReference; fileEncoding = 4; lastKnownFileType = sourcecode.swift; path = SideBarRudraksh.swift; sourceTree = "<group>"; };
		00176ECA20139495009E92B8 /* RudrakshaGroup.swift */ = {isa = PBXFileReference; fileEncoding = 4; lastKnownFileType = sourcecode.swift; path = RudrakshaGroup.swift; sourceTree = "<group>"; };
		00176ECC201394A1009E92B8 /* RudrakshaPopupView.swift */ = {isa = PBXFileReference; fileEncoding = 4; lastKnownFileType = sourcecode.swift; path = RudrakshaPopupView.swift; sourceTree = "<group>"; };
		002A93C2200D356400688259 /* Birthstones.swift */ = {isa = PBXFileReference; lastKnownFileType = sourcecode.swift; path = Birthstones.swift; sourceTree = "<group>"; };
		002A93C4200D359600688259 /* Cabochons.swift */ = {isa = PBXFileReference; lastKnownFileType = sourcecode.swift; path = Cabochons.swift; sourceTree = "<group>"; };
		0037B197200E7482003697BA /* SemiPreciousGems.swift */ = {isa = PBXFileReference; lastKnownFileType = sourcecode.swift; path = SemiPreciousGems.swift; sourceTree = "<group>"; };
		0037B199200E8FCF003697BA /* HomePageData.swift */ = {isa = PBXFileReference; lastKnownFileType = sourcecode.swift; path = HomePageData.swift; sourceTree = "<group>"; };
		0037B19B200FA15B003697BA /* HomeStoneSingles.swift */ = {isa = PBXFileReference; lastKnownFileType = sourcecode.swift; path = HomeStoneSingles.swift; sourceTree = "<group>"; };
		0037B19C200FA15B003697BA /* HomeStoneSingles.xib */ = {isa = PBXFileReference; lastKnownFileType = file.xib; path = HomeStoneSingles.xib; sourceTree = "<group>"; };
		0042D7B920012FBE00DF8722 /* Japamala,saphticitems,stoneidols.swift */ = {isa = PBXFileReference; lastKnownFileType = sourcecode.swift; path = "Japamala,saphticitems,stoneidols.swift"; sourceTree = "<group>"; };
		0042D7BB200157D100DF8722 /* Diamond.swift */ = {isa = PBXFileReference; lastKnownFileType = sourcecode.swift; path = Diamond.swift; sourceTree = "<group>"; };
		0044357720068A4D008C4ECF /* YantraGroup.swift */ = {isa = PBXFileReference; fileEncoding = 4; lastKnownFileType = sourcecode.swift; path = YantraGroup.swift; sourceTree = "<group>"; };
		0044357820068A4D008C4ECF /* YantraPopUp.swift */ = {isa = PBXFileReference; fileEncoding = 4; lastKnownFileType = sourcecode.swift; path = YantraPopUp.swift; sourceTree = "<group>"; };
		00476C852018A41F002A0B1B /* SemiPreciousGemsData2.swift */ = {isa = PBXFileReference; lastKnownFileType = sourcecode.swift; path = SemiPreciousGemsData2.swift; sourceTree = "<group>"; };
		0084AD3F200FB7F600A663CF /* HomeStonesDetailed.swift */ = {isa = PBXFileReference; lastKnownFileType = sourcecode.swift; path = HomeStonesDetailed.swift; sourceTree = "<group>"; };
		00884BB72003FEB400ECF7FD /* WebViewBig.xib */ = {isa = PBXFileReference; fileEncoding = 4; lastKnownFileType = file.xib; path = WebViewBig.xib; sourceTree = "<group>"; };
		00944BBE200D156D0025306A /* LoginViewController.swift */ = {isa = PBXFileReference; fileEncoding = 4; lastKnownFileType = sourcecode.swift; path = LoginViewController.swift; sourceTree = "<group>"; };
		00A594AA2006A28D009ACA05 /* HandiMultipleView.swift */ = {isa = PBXFileReference; fileEncoding = 4; lastKnownFileType = sourcecode.swift; path = HandiMultipleView.swift; sourceTree = "<group>"; };
		00A594AB2006A28E009ACA05 /* HandicraftsPots.swift */ = {isa = PBXFileReference; fileEncoding = 4; lastKnownFileType = sourcecode.swift; path = HandicraftsPots.swift; sourceTree = "<group>"; };
		00A594AC2006A28E009ACA05 /* handiSideBar.swift */ = {isa = PBXFileReference; fileEncoding = 4; lastKnownFileType = sourcecode.swift; path = handiSideBar.swift; sourceTree = "<group>"; };
		00C86E98200BB04D0060E04E /* GemstoneRecommendation.swift */ = {isa = PBXFileReference; lastKnownFileType = sourcecode.swift; path = GemstoneRecommendation.swift; sourceTree = "<group>"; };
		00C86E9A200BC7810060E04E /* GemstoneAstrology.swift */ = {isa = PBXFileReference; lastKnownFileType = sourcecode.swift; path = GemstoneAstrology.swift; sourceTree = "<group>"; };
		00C86E9C200BE1AE0060E04E /* TriangleGemstones.swift */ = {isa = PBXFileReference; lastKnownFileType = sourcecode.swift; path = TriangleGemstones.swift; sourceTree = "<group>"; };
		00D998102007D65500D10D3F /* Perfumes.swift */ = {isa = PBXFileReference; lastKnownFileType = sourcecode.swift; path = Perfumes.swift; sourceTree = "<group>"; };
		00DDCB711FFD402200F00415 /* WebViewBig.swift */ = {isa = PBXFileReference; lastKnownFileType = sourcecode.swift; path = WebViewBig.swift; sourceTree = "<group>"; };
		00F343F61FFD511300CF03D9 /* ConnectWithUs.swift */ = {isa = PBXFileReference; lastKnownFileType = sourcecode.swift; path = ConnectWithUs.swift; sourceTree = "<group>"; };
		00F6AB441FFFD362003907B5 /* Extra.swift */ = {isa = PBXFileReference; lastKnownFileType = sourcecode.swift; path = Extra.swift; sourceTree = "<group>"; };
		00F6AB451FFFD362003907B5 /* Extra.xib */ = {isa = PBXFileReference; lastKnownFileType = file.xib; path = Extra.xib; sourceTree = "<group>"; };
		00F6AB4C200003B8003907B5 /* Kavach.swift */ = {isa = PBXFileReference; lastKnownFileType = sourcecode.swift; path = Kavach.swift; sourceTree = "<group>"; };
		00F85A0C201883C800796A8B /* SemiPreciousGemsData.swift */ = {isa = PBXFileReference; lastKnownFileType = sourcecode.swift; path = SemiPreciousGemsData.swift; sourceTree = "<group>"; };
		3A2CFF08210F36EA001C7555 /* MyAccountViewController.swift */ = {isa = PBXFileReference; lastKnownFileType = sourcecode.swift; path = MyAccountViewController.swift; sourceTree = "<group>"; };
		3A660A0620F1165D008EDF6C /* GetHoroscope.swift */ = {isa = PBXFileReference; lastKnownFileType = sourcecode.swift; path = GetHoroscope.swift; sourceTree = "<group>"; };
		3AB905EA20F8ACDA00EAEDB3 /* AstrologyMain.storyboard */ = {isa = PBXFileReference; fileEncoding = 4; lastKnownFileType = file.storyboard; path = AstrologyMain.storyboard; sourceTree = "<group>"; };
		3ACC03413D291C75AAB1EDC2 /* Pods-GemSelection.debug.xcconfig */ = {isa = PBXFileReference; includeInIndex = 1; lastKnownFileType = text.xcconfig; name = "Pods-GemSelection.debug.xcconfig"; path = "Pods/Target Support Files/Pods-GemSelection/Pods-GemSelection.debug.xcconfig"; sourceTree = "<group>"; };
		3ACE49592110BDD5000347A1 /* Account.storyboard */ = {isa = PBXFileReference; fileEncoding = 4; lastKnownFileType = file.storyboard; path = Account.storyboard; sourceTree = "<group>"; };
		3ACE495D2110BFCD000347A1 /* ForgetPAssword.storyboard */ = {isa = PBXFileReference; fileEncoding = 4; lastKnownFileType = file.storyboard; path = ForgetPAssword.storyboard; sourceTree = "<group>"; };
		3ACE495F2110C008000347A1 /* Login.storyboard */ = {isa = PBXFileReference; fileEncoding = 4; lastKnownFileType = file.storyboard; path = Login.storyboard; sourceTree = "<group>"; };
		3ACE49612110C0A1000347A1 /* RudrakshSideBar.storyboard */ = {isa = PBXFileReference; fileEncoding = 4; lastKnownFileType = file.storyboard; path = RudrakshSideBar.storyboard; sourceTree = "<group>"; };
		3ACE49642110C158000347A1 /* SignUP.storyboard */ = {isa = PBXFileReference; fileEncoding = 4; lastKnownFileType = file.storyboard; path = SignUP.storyboard; sourceTree = "<group>"; };
		3ACE49662110C1C8000347A1 /* PreciousGemstone.storyboard */ = {isa = PBXFileReference; fileEncoding = 4; lastKnownFileType = file.storyboard; path = PreciousGemstone.storyboard; sourceTree = "<group>"; };
		3ACE49692110C298000347A1 /* DiamondTuddedJewelery.storyboard */ = {isa = PBXFileReference; fileEncoding = 4; lastKnownFileType = file.storyboard; path = DiamondTuddedJewelery.storyboard; sourceTree = "<group>"; };
		3ACE496D2110C31B000347A1 /* DesignYourOwnJwell.storyboard */ = {isa = PBXFileReference; fileEncoding = 4; lastKnownFileType = file.storyboard; path = DesignYourOwnJwell.storyboard; sourceTree = "<group>"; };
		3ACE49702110C35D000347A1 /* CollectionViewForDiamonds.storyboard */ = {isa = PBXFileReference; fileEncoding = 4; lastKnownFileType = file.storyboard; path = CollectionViewForDiamonds.storyboard; sourceTree = "<group>"; };
		3ACE49722110C37E000347A1 /* JwelleryMain.storyboard */ = {isa = PBXFileReference; fileEncoding = 4; lastKnownFileType = file.storyboard; path = JwelleryMain.storyboard; sourceTree = "<group>"; };
		3ACE49742110C3EB000347A1 /* RudrakshMain.storyboard */ = {isa = PBXFileReference; fileEncoding = 4; lastKnownFileType = file.storyboard; path = RudrakshMain.storyboard; sourceTree = "<group>"; };
		3ACE49762110C41D000347A1 /* Mala.storyboard */ = {isa = PBXFileReference; fileEncoding = 4; lastKnownFileType = file.storyboard; path = Mala.storyboard; sourceTree = "<group>"; };
		3ACE49782110C43D000347A1 /* Bracelets.storyboard */ = {isa = PBXFileReference; fileEncoding = 4; lastKnownFileType = file.storyboard; path = Bracelets.storyboard; sourceTree = "<group>"; };
		3ACE497A2110C451000347A1 /* BeadsPopUp.storyboard */ = {isa = PBXFileReference; fileEncoding = 4; lastKnownFileType = file.storyboard; path = BeadsPopUp.storyboard; sourceTree = "<group>"; };
		3ACE497C2110C4BF000347A1 /* Yugal.storyboard */ = {isa = PBXFileReference; fileEncoding = 4; lastKnownFileType = file.storyboard; path = Yugal.storyboard; sourceTree = "<group>"; };
		3ACE497E2110C4E2000347A1 /* Popups.storyboard */ = {isa = PBXFileReference; fileEncoding = 4; lastKnownFileType = file.storyboard; path = Popups.storyboard; sourceTree = "<group>"; };
		3ACE49802110C536000347A1 /* Faqs.storyboard */ = {isa = PBXFileReference; fileEncoding = 4; lastKnownFileType = file.storyboard; path = Faqs.storyboard; sourceTree = "<group>"; };
		3ACE49822110C56D000347A1 /* JapMala.storyboard */ = {isa = PBXFileReference; fileEncoding = 4; lastKnownFileType = file.storyboard; path = JapMala.storyboard; sourceTree = "<group>"; };
		3ACE49842110C59F000347A1 /* Diamonds.storyboard */ = {isa = PBXFileReference; fileEncoding = 4; lastKnownFileType = file.storyboard; path = Diamonds.storyboard; sourceTree = "<group>"; };
		3ACE49862110C5D6000347A1 /* HandiSideBar.storyboard */ = {isa = PBXFileReference; fileEncoding = 4; lastKnownFileType = file.storyboard; path = HandiSideBar.storyboard; sourceTree = "<group>"; };
		3ACE498A2110C617000347A1 /* Kavach.storyboard */ = {isa = PBXFileReference; fileEncoding = 4; lastKnownFileType = file.storyboard; path = Kavach.storyboard; sourceTree = "<group>"; };
		3ACE498C2110C63F000347A1 /* Pots.storyboard */ = {isa = PBXFileReference; fileEncoding = 4; lastKnownFileType = file.storyboard; path = Pots.storyboard; sourceTree = "<group>"; };
		3ACE498E2110C65E000347A1 /* HandiMultipleViews.storyboard */ = {isa = PBXFileReference; fileEncoding = 4; lastKnownFileType = file.storyboard; path = HandiMultipleViews.storyboard; sourceTree = "<group>"; };
		3ACE49902110C6DE000347A1 /* GemStoneRecomendation.storyboard */ = {isa = PBXFileReference; fileEncoding = 4; lastKnownFileType = file.storyboard; path = GemStoneRecomendation.storyboard; sourceTree = "<group>"; };
		3ACE49922110C70D000347A1 /* Cabochons.storyboard */ = {isa = PBXFileReference; fileEncoding = 4; lastKnownFileType = file.storyboard; path = Cabochons.storyboard; sourceTree = "<group>"; };
		3ACE49942110C723000347A1 /* FaqMain.storyboard */ = {isa = PBXFileReference; fileEncoding = 4; lastKnownFileType = file.storyboard; path = FaqMain.storyboard; sourceTree = "<group>"; };
		3ACE49962110C736000347A1 /* BirthStones.storyboard */ = {isa = PBXFileReference; fileEncoding = 4; lastKnownFileType = file.storyboard; path = BirthStones.storyboard; sourceTree = "<group>"; };
		3ACE49982110C74C000347A1 /* SemiPreciousStones.storyboard */ = {isa = PBXFileReference; fileEncoding = 4; lastKnownFileType = file.storyboard; path = SemiPreciousStones.storyboard; sourceTree = "<group>"; };
		3ACE499A2110C766000347A1 /* ConnectWithUS.storyboard */ = {isa = PBXFileReference; fileEncoding = 4; lastKnownFileType = file.storyboard; path = ConnectWithUS.storyboard; sourceTree = "<group>"; };
		3ACE499D2110C781000347A1 /* VisitUS.storyboard */ = {isa = PBXFileReference; fileEncoding = 4; lastKnownFileType = file.storyboard; path = VisitUS.storyboard; sourceTree = "<group>"; };
		3ACE499F2110C7AA000347A1 /* Perfumes.storyboard */ = {isa = PBXFileReference; fileEncoding = 4; lastKnownFileType = file.storyboard; path = Perfumes.storyboard; sourceTree = "<group>"; };
		3ACE49A22110C7CE000347A1 /* TriangularGemstones.storyboard */ = {isa = PBXFileReference; fileEncoding = 4; lastKnownFileType = file.storyboard; path = TriangularGemstones.storyboard; sourceTree = "<group>"; };
		3ACE49A42110C7EA000347A1 /* ReturnPolicy.storyboard */ = {isa = PBXFileReference; fileEncoding = 4; lastKnownFileType = file.storyboard; path = ReturnPolicy.storyboard; sourceTree = "<group>"; };
		3ACE49A62110C807000347A1 /* GemStoneToWear.storyboard */ = {isa = PBXFileReference; fileEncoding = 4; lastKnownFileType = file.storyboard; path = GemStoneToWear.storyboard; sourceTree = "<group>"; };
		3ACE49A82110C82B000347A1 /* Beads.storyboard */ = {isa = PBXFileReference; fileEncoding = 4; lastKnownFileType = file.storyboard; path = Beads.storyboard; sourceTree = "<group>"; };
		3ACE49AA2110C85F000347A1 /* RudrakshParentController.storyboard */ = {isa = PBXFileReference; fileEncoding = 4; lastKnownFileType = file.storyboard; path = RudrakshParentController.storyboard; sourceTree = "<group>"; };
		3ACE49AC2110C8D0000347A1 /* Yantras.storyboard */ = {isa = PBXFileReference; fileEncoding = 4; lastKnownFileType = file.storyboard; path = Yantras.storyboard; sourceTree = "<group>"; };
		3ACE49AE2110C904000347A1 /* DiamondParent.storyboard */ = {isa = PBXFileReference; fileEncoding = 4; lastKnownFileType = file.storyboard; path = DiamondParent.storyboard; sourceTree = "<group>"; };
		3ACE49B02110C95E000347A1 /* HandiCraftParent.storyboard */ = {isa = PBXFileReference; fileEncoding = 4; lastKnownFileType = file.storyboard; path = HandiCraftParent.storyboard; sourceTree = "<group>"; };
		3ACE49B22110C98F000347A1 /* PerfumesParent.storyboard */ = {isa = PBXFileReference; fileEncoding = 4; lastKnownFileType = file.storyboard; path = PerfumesParent.storyboard; sourceTree = "<group>"; };
		3ACE49B42110C9E1000347A1 /* TriangularGemstonesParent.storyboard */ = {isa = PBXFileReference; fileEncoding = 4; lastKnownFileType = file.storyboard; path = TriangularGemstonesParent.storyboard; sourceTree = "<group>"; };
		3ACE49B72110CA3B000347A1 /* HandiParents.storyboard */ = {isa = PBXFileReference; fileEncoding = 4; lastKnownFileType = file.storyboard; path = HandiParents.storyboard; sourceTree = "<group>"; };
		3ACE49B92110CA5E000347A1 /* KavachParent.storyboard */ = {isa = PBXFileReference; fileEncoding = 4; lastKnownFileType = file.storyboard; path = KavachParent.storyboard; sourceTree = "<group>"; };
		3ACE49BC2110CA90000347A1 /* AccountParent.storyboard */ = {isa = PBXFileReference; fileEncoding = 4; lastKnownFileType = file.storyboard; path = AccountParent.storyboard; sourceTree = "<group>"; };
		3ACE49BF2110CAFE000347A1 /* JewelleryMain.storyboard */ = {isa = PBXFileReference; fileEncoding = 4; lastKnownFileType = file.storyboard; path = JewelleryMain.storyboard; sourceTree = "<group>"; };
		3ACE49C12110CB35000347A1 /* PreciousGemstoneParent.storyboard */ = {isa = PBXFileReference; fileEncoding = 4; lastKnownFileType = file.storyboard; path = PreciousGemstoneParent.storyboard; sourceTree = "<group>"; };
		3ACE49C42110CB76000347A1 /* JapMalaParent.storyboard */ = {isa = PBXFileReference; fileEncoding = 4; lastKnownFileType = file.storyboard; path = JapMalaParent.storyboard; sourceTree = "<group>"; };
		3ACE49C72110CBB8000347A1 /* YugalParent.storyboard */ = {isa = PBXFileReference; fileEncoding = 4; lastKnownFileType = file.storyboard; path = YugalParent.storyboard; sourceTree = "<group>"; };
		3ACE49C92110CC5A000347A1 /* GemTowearParent.storyboard */ = {isa = PBXFileReference; fileEncoding = 4; lastKnownFileType = file.storyboard; path = GemTowearParent.storyboard; sourceTree = "<group>"; };
		3ACE49CB2110CC74000347A1 /* CabochonsParent.storyboard */ = {isa = PBXFileReference; fileEncoding = 4; lastKnownFileType = file.storyboard; path = CabochonsParent.storyboard; sourceTree = "<group>"; };
		3ACE49CE2110CCA6000347A1 /* GemRecommendationParent.storyboard */ = {isa = PBXFileReference; fileEncoding = 4; lastKnownFileType = file.storyboard; path = GemRecommendationParent.storyboard; sourceTree = "<group>"; };
		3ACE49D12110CCE5000347A1 /* YantraPopUP.storyboard */ = {isa = PBXFileReference; fileEncoding = 4; lastKnownFileType = file.storyboard; path = YantraPopUP.storyboard; sourceTree = "<group>"; };
		3ACE49D42110CD19000347A1 /* FaqMainParent.storyboard */ = {isa = PBXFileReference; fileEncoding = 4; lastKnownFileType = file.storyboard; path = FaqMainParent.storyboard; sourceTree = "<group>"; };
		3ACE49D62110CD3E000347A1 /* BirthStonesMain.storyboard */ = {isa = PBXFileReference; fileEncoding = 4; lastKnownFileType = file.storyboard; path = BirthStonesMain.storyboard; sourceTree = "<group>"; };
		3ACE49D92110CD69000347A1 /* SemiPreciousStonesParent.storyboard */ = {isa = PBXFileReference; fileEncoding = 4; lastKnownFileType = file.storyboard; path = SemiPreciousStonesParent.storyboard; sourceTree = "<group>"; };
		3ACE49DC2110CDD4000347A1 /* AstrologyMainParents.storyboard */ = {isa = PBXFileReference; fileEncoding = 4; lastKnownFileType = file.storyboard; path = AstrologyMainParents.storyboard; sourceTree = "<group>"; };
		3ACE49DE2110CE0F000347A1 /* ConnectWithUsMain.storyboard */ = {isa = PBXFileReference; fileEncoding = 4; lastKnownFileType = file.storyboard; path = ConnectWithUsMain.storyboard; sourceTree = "<group>"; };
		3ACE49E02110CE57000347A1 /* HomeStones.storyboard */ = {isa = PBXFileReference; fileEncoding = 4; lastKnownFileType = file.storyboard; path = HomeStones.storyboard; sourceTree = "<group>"; };
		3AF62FFE20F338FC005BBC2D /* IndianAstrology.storyboard */ = {isa = PBXFileReference; lastKnownFileType = file.storyboard; path = IndianAstrology.storyboard; sourceTree = "<group>"; };
		3AF6300020F33911005BBC2D /* WesternAstrology.storyboard */ = {isa = PBXFileReference; lastKnownFileType = file.storyboard; path = WesternAstrology.storyboard; sourceTree = "<group>"; };
		3AF6300220F3393D005BBC2D /* MatchMaking.storyboard */ = {isa = PBXFileReference; lastKnownFileType = file.storyboard; path = MatchMaking.storyboard; sourceTree = "<group>"; };
		3AF6300520F33B16005BBC2D /* IndianAstrology.swift */ = {isa = PBXFileReference; lastKnownFileType = sourcecode.swift; path = IndianAstrology.swift; sourceTree = "<group>"; };
		3AF6300720F33CA5005BBC2D /* WesternAstrology.swift */ = {isa = PBXFileReference; lastKnownFileType = sourcecode.swift; path = WesternAstrology.swift; sourceTree = "<group>"; };
		3AF6300920F33CB7005BBC2D /* MatchMaking.swift */ = {isa = PBXFileReference; lastKnownFileType = sourcecode.swift; path = MatchMaking.swift; sourceTree = "<group>"; };
		3AF6300B20F344AC005BBC2D /* IndianAstrologyOutput.swift */ = {isa = PBXFileReference; lastKnownFileType = sourcecode.swift; path = IndianAstrologyOutput.swift; sourceTree = "<group>"; };
		3AF6300E20F349EF005BBC2D /* DatePopUpViewController.swift */ = {isa = PBXFileReference; lastKnownFileType = sourcecode.swift; path = DatePopUpViewController.swift; sourceTree = "<group>"; };
		3AF6301020F34B8B005BBC2D /* DatePopUp.storyboard */ = {isa = PBXFileReference; fileEncoding = 4; lastKnownFileType = file.storyboard; path = DatePopUp.storyboard; sourceTree = "<group>"; };
		3AFC2C7920F39026004D6FD3 /* AstrolgyMainViewController.swift */ = {isa = PBXFileReference; lastKnownFileType = sourcecode.swift; path = AstrolgyMainViewController.swift; sourceTree = "<group>"; };
		3AFC2C7B20F3983F004D6FD3 /* WesternAstrologyOutput.swift */ = {isa = PBXFileReference; lastKnownFileType = sourcecode.swift; path = WesternAstrologyOutput.swift; sourceTree = "<group>"; };
		3AFC2C7F20F39899004D6FD3 /* MatchMakingOutput.swift */ = {isa = PBXFileReference; lastKnownFileType = sourcecode.swift; path = MatchMakingOutput.swift; sourceTree = "<group>"; };
		42B6B50811E25A6DA7F3BFA3 /* Pods_GemSelection.framework */ = {isa = PBXFileReference; explicitFileType = wrapper.framework; includeInIndex = 0; path = Pods_GemSelection.framework; sourceTree = BUILT_PRODUCTS_DIR; };
		4600F4DB1FAD037F000954D3 /* GoogleService-Info.plist */ = {isa = PBXFileReference; fileEncoding = 4; lastKnownFileType = text.plist.xml; path = "GoogleService-Info.plist"; sourceTree = "<group>"; };
		4600F4DE1FAD0455000954D3 /* SWRevealViewController.h */ = {isa = PBXFileReference; fileEncoding = 4; lastKnownFileType = sourcecode.c.h; path = SWRevealViewController.h; sourceTree = "<group>"; };
		4600F4DF1FAD0455000954D3 /* SWRevealViewController.m */ = {isa = PBXFileReference; fileEncoding = 4; lastKnownFileType = sourcecode.c.objc; path = SWRevealViewController.m; sourceTree = "<group>"; };
		464FBFE01FAD09EA005CC980 /* GemSelectionapp-Bridging-Header.h */ = {isa = PBXFileReference; lastKnownFileType = sourcecode.c.h; path = "GemSelectionapp-Bridging-Header.h"; sourceTree = SOURCE_ROOT; };
		466859611FAF4AB700340BDB /* MainMenu.swift */ = {isa = PBXFileReference; lastKnownFileType = sourcecode.swift; path = MainMenu.swift; sourceTree = "<group>"; };
		4668A3F11F9FE63100CB64A7 /* GemSelection.app */ = {isa = PBXFileReference; explicitFileType = wrapper.application; includeInIndex = 0; path = GemSelection.app; sourceTree = BUILT_PRODUCTS_DIR; };
		4668A3F41F9FE63100CB64A7 /* AppDelegate.swift */ = {isa = PBXFileReference; lastKnownFileType = sourcecode.swift; path = AppDelegate.swift; sourceTree = "<group>"; };
		4668A3F61F9FE63100CB64A7 /* HomePage.swift */ = {isa = PBXFileReference; lastKnownFileType = sourcecode.swift; path = HomePage.swift; sourceTree = "<group>"; };
		4668A3F91F9FE63100CB64A7 /* Base */ = {isa = PBXFileReference; lastKnownFileType = file.storyboard; name = Base; path = Base.lproj/Main.storyboard; sourceTree = "<group>"; };
		4668A3FB1F9FE63100CB64A7 /* Assets.xcassets */ = {isa = PBXFileReference; lastKnownFileType = folder.assetcatalog; path = Assets.xcassets; sourceTree = "<group>"; };
		4668A3FE1F9FE63100CB64A7 /* Base */ = {isa = PBXFileReference; lastKnownFileType = file.storyboard; name = Base; path = Base.lproj/LaunchScreen.storyboard; sourceTree = "<group>"; };
		4668A4001F9FE63100CB64A7 /* Info.plist */ = {isa = PBXFileReference; lastKnownFileType = text.plist.xml; path = Info.plist; sourceTree = "<group>"; };
		929E9134C2D0791ABF2605B6 /* Pods-GemSelection.release.xcconfig */ = {isa = PBXFileReference; includeInIndex = 1; lastKnownFileType = text.xcconfig; name = "Pods-GemSelection.release.xcconfig"; path = "Pods/Target Support Files/Pods-GemSelection/Pods-GemSelection.release.xcconfig"; sourceTree = "<group>"; };
		F125227C20CAD52900D2C25B /* test.m */ = {isa = PBXFileReference; lastKnownFileType = sourcecode.c.objc; path = test.m; sourceTree = "<group>"; };
		F125227E20CAF37000D2C25B /* GemSelection.entitlements */ = {isa = PBXFileReference; lastKnownFileType = text.plist.entitlements; path = GemSelection.entitlements; sourceTree = "<group>"; };
		F12E278720BD53910000E82C /* SectionHeaderCollectionReusableView.swift */ = {isa = PBXFileReference; lastKnownFileType = sourcecode.swift; path = SectionHeaderCollectionReusableView.swift; sourceTree = "<group>"; };
		F1548F3F20CA8ABF0082602D /* PearlViewController.swift */ = {isa = PBXFileReference; lastKnownFileType = sourcecode.swift; path = PearlViewController.swift; sourceTree = "<group>"; };
		F1548F4120CA8B100082602D /* SapphireViewController.swift */ = {isa = PBXFileReference; lastKnownFileType = sourcecode.swift; path = SapphireViewController.swift; sourceTree = "<group>"; };
		F1548F4320CA8B550082602D /* KeepInMindViewController.swift */ = {isa = PBXFileReference; lastKnownFileType = sourcecode.swift; path = KeepInMindViewController.swift; sourceTree = "<group>"; };
		F1548F4520CA8B670082602D /* PurchasingGemsViewController.swift */ = {isa = PBXFileReference; lastKnownFileType = sourcecode.swift; path = PurchasingGemsViewController.swift; sourceTree = "<group>"; };
		F1548F4720CA8B890082602D /* WhereToBuyViewController.swift */ = {isa = PBXFileReference; lastKnownFileType = sourcecode.swift; path = WhereToBuyViewController.swift; sourceTree = "<group>"; };
		F1548F4C20CAA0D10082602D /* User.swift */ = {isa = PBXFileReference; lastKnownFileType = sourcecode.swift; path = User.swift; sourceTree = "<group>"; };
		F15C797120C84CB3009ACFA3 /* HowToWearViewController.swift */ = {isa = PBXFileReference; lastKnownFileType = sourcecode.swift; path = HowToWearViewController.swift; sourceTree = "<group>"; };
		F15C797320C84D36009ACFA3 /* HowGemsStonesWorksViewController.swift */ = {isa = PBXFileReference; lastKnownFileType = sourcecode.swift; path = HowGemsStonesWorksViewController.swift; sourceTree = "<group>"; };
		F1BF857420C6F8C500881604 /* ReturnPlicyViewController.swift */ = {isa = PBXFileReference; lastKnownFileType = sourcecode.swift; path = ReturnPlicyViewController.swift; sourceTree = "<group>"; };
		F1C80B3020BC9FA200AF0F88 /* SignUpViewController.swift */ = {isa = PBXFileReference; lastKnownFileType = sourcecode.swift; path = SignUpViewController.swift; sourceTree = "<group>"; };
/* End PBXFileReference section */

/* Begin PBXFrameworksBuildPhase section */
		4668A3EE1F9FE63100CB64A7 /* Frameworks */ = {
			isa = PBXFrameworksBuildPhase;
			buildActionMask = 2147483647;
			files = (
				9ECE7629DEBBECF14EBCB29C /* Pods_GemSelection.framework in Frameworks */,
			);
			runOnlyForDeploymentPostprocessing = 0;
		};
/* End PBXFrameworksBuildPhase section */

/* Begin PBXGroup section */
		00176EB92012376F009E92B8 /* Jwellery */ = {
			isa = PBXGroup;
			children = (
				00176EBA20123785009E92B8 /* JwelleryMain.swift */,
				00176EC0201348B6009E92B8 /* subJwellery.swift */,
				00176EBC20124BAE009E92B8 /* DesignJwellery.swift */,
				00176EBD20124BAE009E92B8 /* DesignJwellery.xib */,
			);
			path = Jwellery;
			sourceTree = "<group>";
		};
		00176ECE201394A6009E92B8 /* Rudraksha */ = {
			isa = PBXGroup;
			children = (
				3ACE49AA2110C85F000347A1 /* RudrakshParentController.storyboard */,
				00176EC820139483009E92B8 /* SideBarRudraksh.swift */,
				00176ECA20139495009E92B8 /* RudrakshaGroup.swift */,
				00176ECC201394A1009E92B8 /* RudrakshaPopupView.swift */,
			);
			path = Rudraksha;
			sourceTree = "<group>";
		};
		0037B19F200FA40E003697BA /* HOME */ = {
			isa = PBXGroup;
			children = (
				4668A3F61F9FE63100CB64A7 /* HomePage.swift */,
				0037B199200E8FCF003697BA /* HomePageData.swift */,
				0037B19B200FA15B003697BA /* HomeStoneSingles.swift */,
				0037B19C200FA15B003697BA /* HomeStoneSingles.xib */,
				0084AD3F200FB7F600A663CF /* HomeStonesDetailed.swift */,
				F12E278720BD53910000E82C /* SectionHeaderCollectionReusableView.swift */,
				F1BF857420C6F8C500881604 /* ReturnPlicyViewController.swift */,
			);
			path = HOME;
			sourceTree = "<group>";
		};
		008BF4CC2018B65100C4749E /* Semi Precious Gems */ = {
			isa = PBXGroup;
			children = (
				0037B197200E7482003697BA /* SemiPreciousGems.swift */,
				00F85A0C201883C800796A8B /* SemiPreciousGemsData.swift */,
				00476C852018A41F002A0B1B /* SemiPreciousGemsData2.swift */,
			);
			path = "Semi Precious Gems";
			sourceTree = "<group>";
		};
		3A660A0820F11666008EDF6C /* Horoscope */ = {
			isa = PBXGroup;
			children = (
				3AFC2C7920F39026004D6FD3 /* AstrolgyMainViewController.swift */,
				3AFC2C7E20F39875004D6FD3 /* Get Horoscope */,
				3AF6300D20F344B2005BBC2D /* Indian Astrology */,
				3AFC2C7D20F39856004D6FD3 /* Western Astrology */,
				3AFC2C8120F398A2004D6FD3 /* MatchMakin */,
				3AF6300E20F349EF005BBC2D /* DatePopUpViewController.swift */,
			);
			path = Horoscope;
			sourceTree = "<group>";
		};
		3ACE49522110B873000347A1 /* Storyboardsss */ = {
			isa = PBXGroup;
			children = (
				3ACE49E02110CE57000347A1 /* HomeStones.storyboard */,
				3AF6300420F33945005BBC2D /* AstrologyStoryBoard */,
				3ACE49DB2110CD73000347A1 /* SemiPreciousStones */,
				3ACE49D82110CD46000347A1 /* BirthStones */,
				3ACE49D32110CCEE000347A1 /* Yantras */,
				3ACE49D02110CCAB000347A1 /* GemRecommend */,
				3ACE49CD2110CC7F000347A1 /* Cabochons */,
				3ACE49C62110CB7B000347A1 /* JapMala */,
				3ACE49C32110CB3D000347A1 /* PreciousGemstones */,
				3ACE49BE2110CAA0000347A1 /* MyAccount */,
				3ACE49BB2110CA68000347A1 /* Kavach */,
				3ACE49902110C6DE000347A1 /* GemStoneRecomendation.storyboard */,
				3ACE49A82110C82B000347A1 /* Beads.storyboard */,
				3ACE49B62110C9EE000347A1 /* TriangularGemstones */,
				3ACE49A12110C7B4000347A1 /* Perfumes */,
				3ACE499C2110C76E000347A1 /* Contact */,
				3ACE49882110C5DF000347A1 /* HandiCrafts */,
				3ACE49892110C5E9000347A1 /* Faqs */,
				3ACE496F2110C328000347A1 /* Jwelleryss and Diamond */,
				3ACE49632110C0F2000347A1 /* Rudraksh */,
				3ACE49682110C20E000347A1 /* SignupSignin */,
			);
			path = Storyboardsss;
			sourceTree = "<group>";
		};
		3ACE49632110C0F2000347A1 /* Rudraksh */ = {
			isa = PBXGroup;
			children = (
				3ACE497E2110C4E2000347A1 /* Popups.storyboard */,
				3ACE49C72110CBB8000347A1 /* YugalParent.storyboard */,
				3ACE497C2110C4BF000347A1 /* Yugal.storyboard */,
				3ACE497A2110C451000347A1 /* BeadsPopUp.storyboard */,
				3ACE49782110C43D000347A1 /* Bracelets.storyboard */,
				3ACE49762110C41D000347A1 /* Mala.storyboard */,
				3ACE49742110C3EB000347A1 /* RudrakshMain.storyboard */,
				3ACE49612110C0A1000347A1 /* RudrakshSideBar.storyboard */,
			);
			path = Rudraksh;
			sourceTree = "<group>";
		};
		3ACE49682110C20E000347A1 /* SignupSignin */ = {
			isa = PBXGroup;
			children = (
				3ACE495F2110C008000347A1 /* Login.storyboard */,
				3ACE49642110C158000347A1 /* SignUP.storyboard */,
				3ACE495D2110BFCD000347A1 /* ForgetPAssword.storyboard */,
			);
			path = SignupSignin;
			sourceTree = "<group>";
		};
		3ACE496F2110C328000347A1 /* Jwelleryss and Diamond */ = {
			isa = PBXGroup;
			children = (
				3ACE49BF2110CAFE000347A1 /* JewelleryMain.storyboard */,
				3ACE49AE2110C904000347A1 /* DiamondParent.storyboard */,
				3ACE49842110C59F000347A1 /* Diamonds.storyboard */,
				3ACE49722110C37E000347A1 /* JwelleryMain.storyboard */,
				3ACE49702110C35D000347A1 /* CollectionViewForDiamonds.storyboard */,
				3ACE496D2110C31B000347A1 /* DesignYourOwnJwell.storyboard */,
				3ACE49692110C298000347A1 /* DiamondTuddedJewelery.storyboard */,
			);
			name = "Jwelleryss and Diamond";
			path = "New Group";
			sourceTree = "<group>";
		};
		3ACE49882110C5DF000347A1 /* HandiCrafts */ = {
			isa = PBXGroup;
			children = (
				3ACE49B72110CA3B000347A1 /* HandiParents.storyboard */,
				3ACE49B02110C95E000347A1 /* HandiCraftParent.storyboard */,
				3ACE498E2110C65E000347A1 /* HandiMultipleViews.storyboard */,
				3ACE498C2110C63F000347A1 /* Pots.storyboard */,
				3ACE49862110C5D6000347A1 /* HandiSideBar.storyboard */,
			);
			path = HandiCrafts;
			sourceTree = "<group>";
		};
		3ACE49892110C5E9000347A1 /* Faqs */ = {
			isa = PBXGroup;
			children = (
				3ACE49D42110CD19000347A1 /* FaqMainParent.storyboard */,
				3ACE49C92110CC5A000347A1 /* GemTowearParent.storyboard */,
				3ACE49A62110C807000347A1 /* GemStoneToWear.storyboard */,
				3ACE49A42110C7EA000347A1 /* ReturnPolicy.storyboard */,
				3ACE49942110C723000347A1 /* FaqMain.storyboard */,
				3ACE49802110C536000347A1 /* Faqs.storyboard */,
			);
			path = Faqs;
			sourceTree = "<group>";
		};
		3ACE499C2110C76E000347A1 /* Contact */ = {
			isa = PBXGroup;
			children = (
				3ACE49DE2110CE0F000347A1 /* ConnectWithUsMain.storyboard */,
				3ACE499D2110C781000347A1 /* VisitUS.storyboard */,
				3ACE499A2110C766000347A1 /* ConnectWithUS.storyboard */,
			);
			path = Contact;
			sourceTree = "<group>";
		};
		3ACE49A12110C7B4000347A1 /* Perfumes */ = {
			isa = PBXGroup;
			children = (
				3ACE49B22110C98F000347A1 /* PerfumesParent.storyboard */,
				3ACE499F2110C7AA000347A1 /* Perfumes.storyboard */,
			);
			path = Perfumes;
			sourceTree = "<group>";
		};
		3ACE49B62110C9EE000347A1 /* TriangularGemstones */ = {
			isa = PBXGroup;
			children = (
				3ACE49B42110C9E1000347A1 /* TriangularGemstonesParent.storyboard */,
				3ACE49A22110C7CE000347A1 /* TriangularGemstones.storyboard */,
			);
			path = TriangularGemstones;
			sourceTree = "<group>";
		};
		3ACE49BB2110CA68000347A1 /* Kavach */ = {
			isa = PBXGroup;
			children = (
				3ACE49B92110CA5E000347A1 /* KavachParent.storyboard */,
				3ACE498A2110C617000347A1 /* Kavach.storyboard */,
			);
			path = Kavach;
			sourceTree = "<group>";
		};
		3ACE49BE2110CAA0000347A1 /* MyAccount */ = {
			isa = PBXGroup;
			children = (
				3ACE49BC2110CA90000347A1 /* AccountParent.storyboard */,
				3ACE49592110BDD5000347A1 /* Account.storyboard */,
			);
			path = MyAccount;
			sourceTree = "<group>";
		};
		3ACE49C32110CB3D000347A1 /* PreciousGemstones */ = {
			isa = PBXGroup;
			children = (
				3ACE49662110C1C8000347A1 /* PreciousGemstone.storyboard */,
				3ACE49C12110CB35000347A1 /* PreciousGemstoneParent.storyboard */,
			);
			path = PreciousGemstones;
			sourceTree = "<group>";
		};
		3ACE49C62110CB7B000347A1 /* JapMala */ = {
			isa = PBXGroup;
			children = (
				3ACE49822110C56D000347A1 /* JapMala.storyboard */,
				3ACE49C42110CB76000347A1 /* JapMalaParent.storyboard */,
			);
			path = JapMala;
			sourceTree = "<group>";
		};
		3ACE49CD2110CC7F000347A1 /* Cabochons */ = {
			isa = PBXGroup;
			children = (
				3ACE49CB2110CC74000347A1 /* CabochonsParent.storyboard */,
				3ACE49922110C70D000347A1 /* Cabochons.storyboard */,
			);
			path = Cabochons;
			sourceTree = "<group>";
		};
		3ACE49D02110CCAB000347A1 /* GemRecommend */ = {
			isa = PBXGroup;
			children = (
				3ACE49CE2110CCA6000347A1 /* GemRecommendationParent.storyboard */,
			);
			path = GemRecommend;
			sourceTree = "<group>";
		};
		3ACE49D32110CCEE000347A1 /* Yantras */ = {
			isa = PBXGroup;
			children = (
				3ACE49D12110CCE5000347A1 /* YantraPopUP.storyboard */,
				3ACE49AC2110C8D0000347A1 /* Yantras.storyboard */,
			);
			path = Yantras;
			sourceTree = "<group>";
		};
		3ACE49D82110CD46000347A1 /* BirthStones */ = {
			isa = PBXGroup;
			children = (
				3ACE49D62110CD3E000347A1 /* BirthStonesMain.storyboard */,
				3ACE49962110C736000347A1 /* BirthStones.storyboard */,
			);
			path = BirthStones;
			sourceTree = "<group>";
		};
		3ACE49DB2110CD73000347A1 /* SemiPreciousStones */ = {
			isa = PBXGroup;
			children = (
				3ACE49D92110CD69000347A1 /* SemiPreciousStonesParent.storyboard */,
				3ACE49982110C74C000347A1 /* SemiPreciousStones.storyboard */,
			);
			path = SemiPreciousStones;
			sourceTree = "<group>";
		};
		3AF6300420F33945005BBC2D /* AstrologyStoryBoard */ = {
			isa = PBXGroup;
			children = (
				3ACE49DC2110CDD4000347A1 /* AstrologyMainParents.storyboard */,
				3AB905EA20F8ACDA00EAEDB3 /* AstrologyMain.storyboard */,
				3AF62FFE20F338FC005BBC2D /* IndianAstrology.storyboard */,
				3AF6300020F33911005BBC2D /* WesternAstrology.storyboard */,
				3AF6300220F3393D005BBC2D /* MatchMaking.storyboard */,
				3AF6301020F34B8B005BBC2D /* DatePopUp.storyboard */,
			);
			path = AstrologyStoryBoard;
			sourceTree = "<group>";
		};
		3AF6300D20F344B2005BBC2D /* Indian Astrology */ = {
			isa = PBXGroup;
			children = (
				3AF6300520F33B16005BBC2D /* IndianAstrology.swift */,
				3AF6300B20F344AC005BBC2D /* IndianAstrologyOutput.swift */,
			);
			path = "Indian Astrology";
			sourceTree = "<group>";
		};
		3AFC2C7D20F39856004D6FD3 /* Western Astrology */ = {
			isa = PBXGroup;
			children = (
				3AF6300720F33CA5005BBC2D /* WesternAstrology.swift */,
				3AFC2C7B20F3983F004D6FD3 /* WesternAstrologyOutput.swift */,
			);
			path = "Western Astrology";
			sourceTree = "<group>";
		};
		3AFC2C7E20F39875004D6FD3 /* Get Horoscope */ = {
			isa = PBXGroup;
			children = (
				3A660A0620F1165D008EDF6C /* GetHoroscope.swift */,
			);
			path = "Get Horoscope";
			sourceTree = "<group>";
		};
		3AFC2C8120F398A2004D6FD3 /* MatchMakin */ = {
			isa = PBXGroup;
			children = (
				3AF6300920F33CB7005BBC2D /* MatchMaking.swift */,
				3AFC2C7F20F39899004D6FD3 /* MatchMakingOutput.swift */,
			);
			path = MatchMakin;
			sourceTree = "<group>";
		};
		4600F4E11FAD0494000954D3 /* SWReveal */ = {
			isa = PBXGroup;
			children = (
				4600F4DE1FAD0455000954D3 /* SWRevealViewController.h */,
				4600F4DF1FAD0455000954D3 /* SWRevealViewController.m */,
			);
			path = SWReveal;
			sourceTree = "<group>";
		};
		4668A3E81F9FE63100CB64A7 = {
			isa = PBXGroup;
			children = (
				F125227C20CAD52900D2C25B /* test.m */,
				F1548F4B20CAA0A70082602D /* Model */,
				4600F4E11FAD0494000954D3 /* SWReveal */,
				4668A3F31F9FE63100CB64A7 /* GemSelection */,
				4668A3F21F9FE63100CB64A7 /* Products */,
				D9ADBE53E32C71638C71F996 /* Pods */,
				DE4B7AD50915E52260720E17 /* Frameworks */,
			);
			sourceTree = "<group>";
		};
		4668A3F21F9FE63100CB64A7 /* Products */ = {
			isa = PBXGroup;
			children = (
				4668A3F11F9FE63100CB64A7 /* GemSelection.app */,
			);
			name = Products;
			sourceTree = "<group>";
		};
		4668A3F31F9FE63100CB64A7 /* GemSelection */ = {
			isa = PBXGroup;
			children = (
				F125227E20CAF37000D2C25B /* GemSelection.entitlements */,
				F15C797020C84C45009ACFA3 /* FAQScreens */,
				0037B19F200FA40E003697BA /* HOME */,
				4668A3F41F9FE63100CB64A7 /* AppDelegate.swift */,
				3A2CFF08210F36EA001C7555 /* MyAccountViewController.swift */,
				466859611FAF4AB700340BDB /* MainMenu.swift */,
				00F343F61FFD511300CF03D9 /* ConnectWithUs.swift */,
				00F6AB4C200003B8003907B5 /* Kavach.swift */,
				0042D7B920012FBE00DF8722 /* Japamala,saphticitems,stoneidols.swift */,
				0042D7BB200157D100DF8722 /* Diamond.swift */,
				0044357720068A4D008C4ECF /* YantraGroup.swift */,
				0044357820068A4D008C4ECF /* YantraPopUp.swift */,
				00176EB92012376F009E92B8 /* Jwellery */,
				3A660A0820F11666008EDF6C /* Horoscope */,
				00D998102007D65500D10D3F /* Perfumes.swift */,
				00C86E98200BB04D0060E04E /* GemstoneRecommendation.swift */,
				00C86E9A200BC7810060E04E /* GemstoneAstrology.swift */,
				00C86E9C200BE1AE0060E04E /* TriangleGemstones.swift */,
				002A93C2200D356400688259 /* Birthstones.swift */,
				002A93C4200D359600688259 /* Cabochons.swift */,
				00944BBE200D156D0025306A /* LoginViewController.swift */,
				F1C80B3020BC9FA200AF0F88 /* SignUpViewController.swift */,
				00176ECE201394A6009E92B8 /* Rudraksha */,
				008BF4CC2018B65100C4749E /* Semi Precious Gems */,
				00DDCB711FFD402200F00415 /* WebViewBig.swift */,
				00884BB72003FEB400ECF7FD /* WebViewBig.xib */,
				00F6AB441FFFD362003907B5 /* Extra.swift */,
				00F6AB451FFFD362003907B5 /* Extra.xib */,
				3ACE49522110B873000347A1 /* Storyboardsss */,
				4668A3FD1F9FE63100CB64A7 /* LaunchScreen.storyboard */,
				4668A3F81F9FE63100CB64A7 /* Main.storyboard */,
				00A594AB2006A28E009ACA05 /* HandicraftsPots.swift */,
				00A594AA2006A28D009ACA05 /* HandiMultipleView.swift */,
				00A594AC2006A28E009ACA05 /* handiSideBar.swift */,
				4668A3FB1F9FE63100CB64A7 /* Assets.xcassets */,
				464FBFE01FAD09EA005CC980 /* GemSelectionapp-Bridging-Header.h */,
				4600F4DB1FAD037F000954D3 /* GoogleService-Info.plist */,
				4668A4001F9FE63100CB64A7 /* Info.plist */,
			);
			path = GemSelection;
			sourceTree = "<group>";
		};
		D9ADBE53E32C71638C71F996 /* Pods */ = {
			isa = PBXGroup;
			children = (
				3ACC03413D291C75AAB1EDC2 /* Pods-GemSelection.debug.xcconfig */,
				929E9134C2D0791ABF2605B6 /* Pods-GemSelection.release.xcconfig */,
			);
			name = Pods;
			sourceTree = "<group>";
		};
		DE4B7AD50915E52260720E17 /* Frameworks */ = {
			isa = PBXGroup;
			children = (
				42B6B50811E25A6DA7F3BFA3 /* Pods_GemSelection.framework */,
			);
			name = Frameworks;
			sourceTree = "<group>";
		};
		F1548F4B20CAA0A70082602D /* Model */ = {
			isa = PBXGroup;
			children = (
				F1548F4C20CAA0D10082602D /* User.swift */,
			);
			path = Model;
			sourceTree = "<group>";
		};
		F15C797020C84C45009ACFA3 /* FAQScreens */ = {
			isa = PBXGroup;
			children = (
				F15C797120C84CB3009ACFA3 /* HowToWearViewController.swift */,
				F15C797320C84D36009ACFA3 /* HowGemsStonesWorksViewController.swift */,
				F1548F3F20CA8ABF0082602D /* PearlViewController.swift */,
				F1548F4120CA8B100082602D /* SapphireViewController.swift */,
				F1548F4320CA8B550082602D /* KeepInMindViewController.swift */,
				F1548F4520CA8B670082602D /* PurchasingGemsViewController.swift */,
				F1548F4720CA8B890082602D /* WhereToBuyViewController.swift */,
			);
			path = FAQScreens;
			sourceTree = "<group>";
		};
/* End PBXGroup section */

/* Begin PBXNativeTarget section */
		4668A3F01F9FE63100CB64A7 /* GemSelection */ = {
			isa = PBXNativeTarget;
			buildConfigurationList = 4668A4031F9FE63100CB64A7 /* Build configuration list for PBXNativeTarget "GemSelection" */;
			buildPhases = (
				3EAE8B60341AE7AA09B92AC9 /* [CP] Check Pods Manifest.lock */,
				4668A3ED1F9FE63100CB64A7 /* Sources */,
				4668A3EE1F9FE63100CB64A7 /* Frameworks */,
				4668A3EF1F9FE63100CB64A7 /* Resources */,
				732515E2B3CEBDB6EB88E17F /* [CP] Embed Pods Frameworks */,
				91409E4A53A3AC5A47A588EC /* [CP] Copy Pods Resources */,
			);
			buildRules = (
			);
			dependencies = (
			);
			name = GemSelection;
			productName = GemSelection;
			productReference = 4668A3F11F9FE63100CB64A7 /* GemSelection.app */;
			productType = "com.apple.product-type.application";
		};
/* End PBXNativeTarget section */

/* Begin PBXProject section */
		4668A3E91F9FE63100CB64A7 /* Project object */ = {
			isa = PBXProject;
			attributes = {
				LastSwiftUpdateCheck = 0900;
				LastUpgradeCheck = 0940;
				ORGANIZATIONNAME = atlas;
				TargetAttributes = {
					4668A3F01F9FE63100CB64A7 = {
						CreatedOnToolsVersion = 9.0.1;
						LastSwiftMigration = 0940;
						ProvisioningStyle = Automatic;
						SystemCapabilities = {
							com.apple.Keychain = {
								enabled = 1;
							};
						};
					};
				};
			};
			buildConfigurationList = 4668A3EC1F9FE63100CB64A7 /* Build configuration list for PBXProject "GemSelection" */;
			compatibilityVersion = "Xcode 8.0";
			developmentRegion = en;
			hasScannedForEncodings = 0;
			knownRegions = (
				en,
				Base,
			);
			mainGroup = 4668A3E81F9FE63100CB64A7;
			productRefGroup = 4668A3F21F9FE63100CB64A7 /* Products */;
			projectDirPath = "";
			projectRoot = "";
			targets = (
				4668A3F01F9FE63100CB64A7 /* GemSelection */,
			);
		};
/* End PBXProject section */

/* Begin PBXResourcesBuildPhase section */
		4668A3EF1F9FE63100CB64A7 /* Resources */ = {
			isa = PBXResourcesBuildPhase;
			buildActionMask = 2147483647;
			files = (
				3ACE49D52110CD19000347A1 /* FaqMainParent.storyboard in Resources */,
				3ACE49602110C008000347A1 /* Login.storyboard in Resources */,
				3ACE49C02110CAFE000347A1 /* JewelleryMain.storyboard in Resources */,
				3ACE49CA2110CC5A000347A1 /* GemTowearParent.storyboard in Resources */,
				3ACE49A72110C807000347A1 /* GemStoneToWear.storyboard in Resources */,
				3ACE49872110C5D6000347A1 /* HandiSideBar.storyboard in Resources */,
				3ACE498B2110C617000347A1 /* Kavach.storyboard in Resources */,
				00884BB82003FEB400ECF7FD /* WebViewBig.xib in Resources */,
				3ACE49DA2110CD69000347A1 /* SemiPreciousStonesParent.storyboard in Resources */,
				3ACE49CC2110CC74000347A1 /* CabochonsParent.storyboard in Resources */,
				3ACE49BD2110CA90000347A1 /* AccountParent.storyboard in Resources */,
				3ACE49AD2110C8D0000347A1 /* Yantras.storyboard in Resources */,
				3AF6301120F34B8B005BBC2D /* DatePopUp.storyboard in Resources */,
				3ACE49B52110C9E1000347A1 /* TriangularGemstonesParent.storyboard in Resources */,
				3ACE49622110C0A1000347A1 /* RudrakshSideBar.storyboard in Resources */,
				3ACE49C52110CB76000347A1 /* JapMalaParent.storyboard in Resources */,
				3ACE49792110C43D000347A1 /* Bracelets.storyboard in Resources */,
				3ACE496E2110C31B000347A1 /* DesignYourOwnJwell.storyboard in Resources */,
				3ACE49DF2110CE0F000347A1 /* ConnectWithUsMain.storyboard in Resources */,
				3AF62FFF20F338FC005BBC2D /* IndianAstrology.storyboard in Resources */,
				3ACE498D2110C63F000347A1 /* Pots.storyboard in Resources */,
				3ACE499E2110C781000347A1 /* VisitUS.storyboard in Resources */,
				3ACE49B82110CA3B000347A1 /* HandiParents.storyboard in Resources */,
				3ACE498F2110C65E000347A1 /* HandiMultipleViews.storyboard in Resources */,
				3ACE49CF2110CCA6000347A1 /* GemRecommendationParent.storyboard in Resources */,
				3ACE499B2110C766000347A1 /* ConnectWithUS.storyboard in Resources */,
				3ACE49B32110C98F000347A1 /* PerfumesParent.storyboard in Resources */,
				3ACE49712110C35D000347A1 /* CollectionViewForDiamonds.storyboard in Resources */,
				3ACE49952110C723000347A1 /* FaqMain.storyboard in Resources */,
				3ACE49A32110C7CE000347A1 /* TriangularGemstones.storyboard in Resources */,
				3ACE49752110C3EB000347A1 /* RudrakshMain.storyboard in Resources */,
				3ACE497B2110C451000347A1 /* BeadsPopUp.storyboard in Resources */,
				3ACE49C22110CB35000347A1 /* PreciousGemstoneParent.storyboard in Resources */,
				0037B19E200FA15B003697BA /* HomeStoneSingles.xib in Resources */,
				3ACE49932110C70D000347A1 /* Cabochons.storyboard in Resources */,
				3ACE497F2110C4E2000347A1 /* Popups.storyboard in Resources */,
				3ACE49972110C736000347A1 /* BirthStones.storyboard in Resources */,
				3ACE49B12110C95E000347A1 /* HandiCraftParent.storyboard in Resources */,
				3ACE49D72110CD3E000347A1 /* BirthStonesMain.storyboard in Resources */,
				3ACE49AB2110C85F000347A1 /* RudrakshParentController.storyboard in Resources */,
				4668A3FF1F9FE63100CB64A7 /* LaunchScreen.storyboard in Resources */,
				00176EBF20124BAE009E92B8 /* DesignJwellery.xib in Resources */,
				3ACE49AF2110C904000347A1 /* DiamondParent.storyboard in Resources */,
				3ACE49652110C158000347A1 /* SignUP.storyboard in Resources */,
				3ACE49912110C6DE000347A1 /* GemStoneRecomendation.storyboard in Resources */,
				3ACE49672110C1C8000347A1 /* PreciousGemstone.storyboard in Resources */,
				3ACE495A2110BDD5000347A1 /* Account.storyboard in Resources */,
				3ACE49812110C536000347A1 /* Faqs.storyboard in Resources */,
				3ACE49832110C56D000347A1 /* JapMala.storyboard in Resources */,
				3ACE49BA2110CA5E000347A1 /* KavachParent.storyboard in Resources */,
				4600F4DC1FAD0380000954D3 /* GoogleService-Info.plist in Resources */,
				3ACE496A2110C298000347A1 /* DiamondTuddedJewelery.storyboard in Resources */,
				3ACE49A52110C7EA000347A1 /* ReturnPolicy.storyboard in Resources */,
				3ACE49DD2110CDD4000347A1 /* AstrologyMainParents.storyboard in Resources */,
				00F6AB471FFFD362003907B5 /* Extra.xib in Resources */,
				3ACE49C82110CBB8000347A1 /* YugalParent.storyboard in Resources */,
				3ACE49E12110CE57000347A1 /* HomeStones.storyboard in Resources */,
				3ACE495E2110BFCD000347A1 /* ForgetPAssword.storyboard in Resources */,
				3ACE49A02110C7AA000347A1 /* Perfumes.storyboard in Resources */,
				4668A3FC1F9FE63100CB64A7 /* Assets.xcassets in Resources */,
				3ACE49A92110C82B000347A1 /* Beads.storyboard in Resources */,
				3AF6300320F3393D005BBC2D /* MatchMaking.storyboard in Resources */,
				3ACE49992110C74C000347A1 /* SemiPreciousStones.storyboard in Resources */,
				3ACE49852110C59F000347A1 /* Diamonds.storyboard in Resources */,
				3ACE49D22110CCE5000347A1 /* YantraPopUP.storyboard in Resources */,
				3AB905EB20F8ACDA00EAEDB3 /* AstrologyMain.storyboard in Resources */,
				3ACE49732110C37E000347A1 /* JwelleryMain.storyboard in Resources */,
				3ACE49772110C41D000347A1 /* Mala.storyboard in Resources */,
				3ACE497D2110C4BF000347A1 /* Yugal.storyboard in Resources */,
				3AF6300120F33911005BBC2D /* WesternAstrology.storyboard in Resources */,
				4668A3FA1F9FE63100CB64A7 /* Main.storyboard in Resources */,
			);
			runOnlyForDeploymentPostprocessing = 0;
		};
/* End PBXResourcesBuildPhase section */

/* Begin PBXShellScriptBuildPhase section */
		3EAE8B60341AE7AA09B92AC9 /* [CP] Check Pods Manifest.lock */ = {
			isa = PBXShellScriptBuildPhase;
			buildActionMask = 2147483647;
			files = (
			);
			inputPaths = (
				"${PODS_PODFILE_DIR_PATH}/Podfile.lock",
				"${PODS_ROOT}/Manifest.lock",
			);
			name = "[CP] Check Pods Manifest.lock";
			outputPaths = (
				"$(DERIVED_FILE_DIR)/Pods-GemSelection-checkManifestLockResult.txt",
			);
			runOnlyForDeploymentPostprocessing = 0;
			shellPath = /bin/sh;
			shellScript = "diff \"${PODS_PODFILE_DIR_PATH}/Podfile.lock\" \"${PODS_ROOT}/Manifest.lock\" > /dev/null\nif [ $? != 0 ] ; then\n    # print error to STDERR\n    echo \"error: The sandbox is not in sync with the Podfile.lock. Run 'pod install' or update your CocoaPods installation.\" >&2\n    exit 1\nfi\n# This output is used by Xcode 'outputs' to avoid re-running this script phase.\necho \"SUCCESS\" > \"${SCRIPT_OUTPUT_FILE_0}\"\n";
			showEnvVarsInLog = 0;
		};
		732515E2B3CEBDB6EB88E17F /* [CP] Embed Pods Frameworks */ = {
			isa = PBXShellScriptBuildPhase;
			buildActionMask = 2147483647;
			files = (
			);
			inputPaths = (
				"${SRCROOT}/Pods/Target Support Files/Pods-GemSelection/Pods-GemSelection-frameworks.sh",
				"${BUILT_PRODUCTS_DIR}/Alamofire/Alamofire.framework",
				"${BUILT_PRODUCTS_DIR}/Bolts/Bolts.framework",
				"${BUILT_PRODUCTS_DIR}/DropDown/DropDown.framework",
				"${BUILT_PRODUCTS_DIR}/FBSDKCoreKit/FBSDKCoreKit.framework",
				"${BUILT_PRODUCTS_DIR}/FBSDKLoginKit/FBSDKLoginKit.framework",
				"${BUILT_PRODUCTS_DIR}/FacebookCore/FacebookCore.framework",
				"${BUILT_PRODUCTS_DIR}/FacebookLogin/FacebookLogin.framework",
				"${BUILT_PRODUCTS_DIR}/GTMOAuth2/GTMOAuth2.framework",
				"${BUILT_PRODUCTS_DIR}/GTMSessionFetcher/GTMSessionFetcher.framework",
				"${BUILT_PRODUCTS_DIR}/GoogleToolboxForMac/GoogleToolboxForMac.framework",
				"${BUILT_PRODUCTS_DIR}/MarqueeLabel/MarqueeLabel.framework",
				"${BUILT_PRODUCTS_DIR}/SDWebImage/SDWebImage.framework",
				"${BUILT_PRODUCTS_DIR}/SwiftyJSON/SwiftyJSON.framework",
				"${BUILT_PRODUCTS_DIR}/leveldb-library/leveldb.framework",
				"${BUILT_PRODUCTS_DIR}/nanopb/nanopb.framework",
			);
			name = "[CP] Embed Pods Frameworks";
			outputPaths = (
				"${TARGET_BUILD_DIR}/${FRAMEWORKS_FOLDER_PATH}/Alamofire.framework",
				"${TARGET_BUILD_DIR}/${FRAMEWORKS_FOLDER_PATH}/Bolts.framework",
				"${TARGET_BUILD_DIR}/${FRAMEWORKS_FOLDER_PATH}/DropDown.framework",
				"${TARGET_BUILD_DIR}/${FRAMEWORKS_FOLDER_PATH}/FBSDKCoreKit.framework",
				"${TARGET_BUILD_DIR}/${FRAMEWORKS_FOLDER_PATH}/FBSDKLoginKit.framework",
				"${TARGET_BUILD_DIR}/${FRAMEWORKS_FOLDER_PATH}/FacebookCore.framework",
				"${TARGET_BUILD_DIR}/${FRAMEWORKS_FOLDER_PATH}/FacebookLogin.framework",
				"${TARGET_BUILD_DIR}/${FRAMEWORKS_FOLDER_PATH}/GTMOAuth2.framework",
				"${TARGET_BUILD_DIR}/${FRAMEWORKS_FOLDER_PATH}/GTMSessionFetcher.framework",
				"${TARGET_BUILD_DIR}/${FRAMEWORKS_FOLDER_PATH}/GoogleToolboxForMac.framework",
				"${TARGET_BUILD_DIR}/${FRAMEWORKS_FOLDER_PATH}/MarqueeLabel.framework",
				"${TARGET_BUILD_DIR}/${FRAMEWORKS_FOLDER_PATH}/SDWebImage.framework",
				"${TARGET_BUILD_DIR}/${FRAMEWORKS_FOLDER_PATH}/SwiftyJSON.framework",
				"${TARGET_BUILD_DIR}/${FRAMEWORKS_FOLDER_PATH}/leveldb.framework",
				"${TARGET_BUILD_DIR}/${FRAMEWORKS_FOLDER_PATH}/nanopb.framework",
			);
			runOnlyForDeploymentPostprocessing = 0;
			shellPath = /bin/sh;
			shellScript = "\"${SRCROOT}/Pods/Target Support Files/Pods-GemSelection/Pods-GemSelection-frameworks.sh\"\n";
			showEnvVarsInLog = 0;
		};
		91409E4A53A3AC5A47A588EC /* [CP] Copy Pods Resources */ = {
			isa = PBXShellScriptBuildPhase;
			buildActionMask = 2147483647;
			files = (
			);
			inputPaths = (
				"${SRCROOT}/Pods/Target Support Files/Pods-GemSelection/Pods-GemSelection-resources.sh",
				"${PODS_ROOT}/GoogleSignIn/Resources/GoogleSignIn.bundle",
			);
			name = "[CP] Copy Pods Resources";
			outputPaths = (
				"${TARGET_BUILD_DIR}/${UNLOCALIZED_RESOURCES_FOLDER_PATH}/GoogleSignIn.bundle",
			);
			runOnlyForDeploymentPostprocessing = 0;
			shellPath = /bin/sh;
			shellScript = "\"${SRCROOT}/Pods/Target Support Files/Pods-GemSelection/Pods-GemSelection-resources.sh\"\n";
			showEnvVarsInLog = 0;
		};
/* End PBXShellScriptBuildPhase section */

/* Begin PBXSourcesBuildPhase section */
		4668A3ED1F9FE63100CB64A7 /* Sources */ = {
			isa = PBXSourcesBuildPhase;
			buildActionMask = 2147483647;
			files = (
				00176EC920139484009E92B8 /* SideBarRudraksh.swift in Sources */,
				3AF6300620F33B16005BBC2D /* IndianAstrology.swift in Sources */,
				0084AD40200FB7F600A663CF /* HomeStonesDetailed.swift in Sources */,
				002A93C3200D356400688259 /* Birthstones.swift in Sources */,
				00D998112007D65500D10D3F /* Perfumes.swift in Sources */,
				3AF6300820F33CA5005BBC2D /* WesternAstrology.swift in Sources */,
				002A93C5200D359600688259 /* Cabochons.swift in Sources */,
				F1BF857520C6F8C500881604 /* ReturnPlicyViewController.swift in Sources */,
				0042D7BA20012FBE00DF8722 /* Japamala,saphticitems,stoneidols.swift in Sources */,
				F1548F4020CA8ABF0082602D /* PearlViewController.swift in Sources */,
				3A2CFF09210F36EA001C7555 /* MyAccountViewController.swift in Sources */,
				00176EBB20123785009E92B8 /* JwelleryMain.swift in Sources */,
				00176ECD201394A2009E92B8 /* RudrakshaPopupView.swift in Sources */,
				F1548F4820CA8B890082602D /* WhereToBuyViewController.swift in Sources */,
				00C86E9D200BE1AE0060E04E /* TriangleGemstones.swift in Sources */,
				00F85A0D201883C800796A8B /* SemiPreciousGemsData.swift in Sources */,
				F15C797420C84D36009ACFA3 /* HowGemsStonesWorksViewController.swift in Sources */,
				0037B19A200E8FCF003697BA /* HomePageData.swift in Sources */,
				00DDCB731FFD402200F00415 /* WebViewBig.swift in Sources */,
				F12E278820BD53910000E82C /* SectionHeaderCollectionReusableView.swift in Sources */,
				F125227D20CAD52900D2C25B /* test.m in Sources */,
				0044357A20068A4D008C4ECF /* YantraPopUp.swift in Sources */,
				4668A3F71F9FE63100CB64A7 /* HomePage.swift in Sources */,
				F1548F4620CA8B670082602D /* PurchasingGemsViewController.swift in Sources */,
				3AFC2C8020F39899004D6FD3 /* MatchMakingOutput.swift in Sources */,
				00176ECB20139496009E92B8 /* RudrakshaGroup.swift in Sources */,
				0037B19D200FA15B003697BA /* HomeStoneSingles.swift in Sources */,
				3AFC2C7C20F3983F004D6FD3 /* WesternAstrologyOutput.swift in Sources */,
				00A594AE2006A28F009ACA05 /* HandicraftsPots.swift in Sources */,
				F1548F4D20CAA0D10082602D /* User.swift in Sources */,
				00C86E9B200BC7810060E04E /* GemstoneAstrology.swift in Sources */,
				3AFC2C7A20F39026004D6FD3 /* AstrolgyMainViewController.swift in Sources */,
				00944BBF200D156E0025306A /* LoginViewController.swift in Sources */,
				3AF6300C20F344AC005BBC2D /* IndianAstrologyOutput.swift in Sources */,
				00176EBE20124BAE009E92B8 /* DesignJwellery.swift in Sources */,
				00476C862018A41F002A0B1B /* SemiPreciousGemsData2.swift in Sources */,
				00F6AB461FFFD362003907B5 /* Extra.swift in Sources */,
				00176EC1201348B6009E92B8 /* subJwellery.swift in Sources */,
				4668A3F51F9FE63100CB64A7 /* AppDelegate.swift in Sources */,
				4600F4E01FAD0456000954D3 /* SWRevealViewController.m in Sources */,
				466859621FAF4AB700340BDB /* MainMenu.swift in Sources */,
				0037B198200E7482003697BA /* SemiPreciousGems.swift in Sources */,
				F1548F4220CA8B100082602D /* SapphireViewController.swift in Sources */,
				00F6AB4D200003B8003907B5 /* Kavach.swift in Sources */,
				0044357920068A4D008C4ECF /* YantraGroup.swift in Sources */,
				F1548F4420CA8B550082602D /* KeepInMindViewController.swift in Sources */,
				F1C80B3120BC9FA200AF0F88 /* SignUpViewController.swift in Sources */,
				00A594AF2006A28F009ACA05 /* handiSideBar.swift in Sources */,
				3AF6300A20F33CB7005BBC2D /* MatchMaking.swift in Sources */,
				00C86E99200BB04E0060E04E /* GemstoneRecommendation.swift in Sources */,
				00F343F71FFD511300CF03D9 /* ConnectWithUs.swift in Sources */,
				F15C797220C84CB3009ACFA3 /* HowToWearViewController.swift in Sources */,
				0042D7BC200157D100DF8722 /* Diamond.swift in Sources */,
				00A594AD2006A28F009ACA05 /* HandiMultipleView.swift in Sources */,
				3A660A0720F1165D008EDF6C /* GetHoroscope.swift in Sources */,
				3AF6300F20F349EF005BBC2D /* DatePopUpViewController.swift in Sources */,
			);
			runOnlyForDeploymentPostprocessing = 0;
		};
/* End PBXSourcesBuildPhase section */

/* Begin PBXVariantGroup section */
		4668A3F81F9FE63100CB64A7 /* Main.storyboard */ = {
			isa = PBXVariantGroup;
			children = (
				4668A3F91F9FE63100CB64A7 /* Base */,
			);
			name = Main.storyboard;
			sourceTree = "<group>";
		};
		4668A3FD1F9FE63100CB64A7 /* LaunchScreen.storyboard */ = {
			isa = PBXVariantGroup;
			children = (
				4668A3FE1F9FE63100CB64A7 /* Base */,
			);
			name = LaunchScreen.storyboard;
			sourceTree = "<group>";
		};
/* End PBXVariantGroup section */

/* Begin XCBuildConfiguration section */
		4668A4011F9FE63100CB64A7 /* Debug */ = {
			isa = XCBuildConfiguration;
			buildSettings = {
				ALWAYS_SEARCH_USER_PATHS = NO;
				CLANG_ANALYZER_NONNULL = YES;
				CLANG_ANALYZER_NUMBER_OBJECT_CONVERSION = YES_AGGRESSIVE;
				CLANG_CXX_LANGUAGE_STANDARD = "gnu++14";
				CLANG_CXX_LIBRARY = "libc++";
				CLANG_ENABLE_MODULES = YES;
				CLANG_ENABLE_OBJC_ARC = YES;
				CLANG_WARN_BLOCK_CAPTURE_AUTORELEASING = YES;
				CLANG_WARN_BOOL_CONVERSION = YES;
				CLANG_WARN_COMMA = YES;
				CLANG_WARN_CONSTANT_CONVERSION = YES;
				CLANG_WARN_DEPRECATED_OBJC_IMPLEMENTATIONS = YES;
				CLANG_WARN_DIRECT_OBJC_ISA_USAGE = YES_ERROR;
				CLANG_WARN_DOCUMENTATION_COMMENTS = YES;
				CLANG_WARN_EMPTY_BODY = YES;
				CLANG_WARN_ENUM_CONVERSION = YES;
				CLANG_WARN_INFINITE_RECURSION = YES;
				CLANG_WARN_INT_CONVERSION = YES;
				CLANG_WARN_NON_LITERAL_NULL_CONVERSION = YES;
				CLANG_WARN_OBJC_IMPLICIT_RETAIN_SELF = YES;
				CLANG_WARN_OBJC_LITERAL_CONVERSION = YES;
				CLANG_WARN_OBJC_ROOT_CLASS = YES_ERROR;
				CLANG_WARN_RANGE_LOOP_ANALYSIS = YES;
				CLANG_WARN_STRICT_PROTOTYPES = YES;
				CLANG_WARN_SUSPICIOUS_MOVE = YES;
				CLANG_WARN_UNGUARDED_AVAILABILITY = YES_AGGRESSIVE;
				CLANG_WARN_UNREACHABLE_CODE = YES;
				CLANG_WARN__DUPLICATE_METHOD_MATCH = YES;
				CODE_SIGN_IDENTITY = "iPhone Developer";
				COPY_PHASE_STRIP = NO;
				DEBUG_INFORMATION_FORMAT = dwarf;
				ENABLE_STRICT_OBJC_MSGSEND = YES;
				ENABLE_TESTABILITY = YES;
				GCC_C_LANGUAGE_STANDARD = gnu11;
				GCC_DYNAMIC_NO_PIC = NO;
				GCC_NO_COMMON_BLOCKS = YES;
				GCC_OPTIMIZATION_LEVEL = 0;
				GCC_PREPROCESSOR_DEFINITIONS = (
					"DEBUG=1",
					"$(inherited)",
				);
				GCC_WARN_64_TO_32_BIT_CONVERSION = YES;
				GCC_WARN_ABOUT_RETURN_TYPE = YES_ERROR;
				GCC_WARN_UNDECLARED_SELECTOR = YES;
				GCC_WARN_UNINITIALIZED_AUTOS = YES_AGGRESSIVE;
				GCC_WARN_UNUSED_FUNCTION = YES;
				GCC_WARN_UNUSED_VARIABLE = YES;
				IPHONEOS_DEPLOYMENT_TARGET = 11.0;
				MTL_ENABLE_DEBUG_INFO = YES;
				ONLY_ACTIVE_ARCH = YES;
				SDKROOT = iphoneos;
				SWIFT_ACTIVE_COMPILATION_CONDITIONS = DEBUG;
				SWIFT_OPTIMIZATION_LEVEL = "-Onone";
			};
			name = Debug;
		};
		4668A4021F9FE63100CB64A7 /* Release */ = {
			isa = XCBuildConfiguration;
			buildSettings = {
				ALWAYS_SEARCH_USER_PATHS = NO;
				CLANG_ANALYZER_NONNULL = YES;
				CLANG_ANALYZER_NUMBER_OBJECT_CONVERSION = YES_AGGRESSIVE;
				CLANG_CXX_LANGUAGE_STANDARD = "gnu++14";
				CLANG_CXX_LIBRARY = "libc++";
				CLANG_ENABLE_MODULES = YES;
				CLANG_ENABLE_OBJC_ARC = YES;
				CLANG_WARN_BLOCK_CAPTURE_AUTORELEASING = YES;
				CLANG_WARN_BOOL_CONVERSION = YES;
				CLANG_WARN_COMMA = YES;
				CLANG_WARN_CONSTANT_CONVERSION = YES;
				CLANG_WARN_DEPRECATED_OBJC_IMPLEMENTATIONS = YES;
				CLANG_WARN_DIRECT_OBJC_ISA_USAGE = YES_ERROR;
				CLANG_WARN_DOCUMENTATION_COMMENTS = YES;
				CLANG_WARN_EMPTY_BODY = YES;
				CLANG_WARN_ENUM_CONVERSION = YES;
				CLANG_WARN_INFINITE_RECURSION = YES;
				CLANG_WARN_INT_CONVERSION = YES;
				CLANG_WARN_NON_LITERAL_NULL_CONVERSION = YES;
				CLANG_WARN_OBJC_IMPLICIT_RETAIN_SELF = YES;
				CLANG_WARN_OBJC_LITERAL_CONVERSION = YES;
				CLANG_WARN_OBJC_ROOT_CLASS = YES_ERROR;
				CLANG_WARN_RANGE_LOOP_ANALYSIS = YES;
				CLANG_WARN_STRICT_PROTOTYPES = YES;
				CLANG_WARN_SUSPICIOUS_MOVE = YES;
				CLANG_WARN_UNGUARDED_AVAILABILITY = YES_AGGRESSIVE;
				CLANG_WARN_UNREACHABLE_CODE = YES;
				CLANG_WARN__DUPLICATE_METHOD_MATCH = YES;
				CODE_SIGN_IDENTITY = "iPhone Developer";
				COPY_PHASE_STRIP = NO;
				DEBUG_INFORMATION_FORMAT = "dwarf-with-dsym";
				ENABLE_NS_ASSERTIONS = NO;
				ENABLE_STRICT_OBJC_MSGSEND = YES;
				GCC_C_LANGUAGE_STANDARD = gnu11;
				GCC_NO_COMMON_BLOCKS = YES;
				GCC_WARN_64_TO_32_BIT_CONVERSION = YES;
				GCC_WARN_ABOUT_RETURN_TYPE = YES_ERROR;
				GCC_WARN_UNDECLARED_SELECTOR = YES;
				GCC_WARN_UNINITIALIZED_AUTOS = YES_AGGRESSIVE;
				GCC_WARN_UNUSED_FUNCTION = YES;
				GCC_WARN_UNUSED_VARIABLE = YES;
				IPHONEOS_DEPLOYMENT_TARGET = 11.0;
				MTL_ENABLE_DEBUG_INFO = NO;
				SDKROOT = iphoneos;
				SWIFT_OPTIMIZATION_LEVEL = "-Owholemodule";
				VALIDATE_PRODUCT = YES;
			};
			name = Release;
		};
		4668A4041F9FE63100CB64A7 /* Debug */ = {
			isa = XCBuildConfiguration;
			baseConfigurationReference = 3ACC03413D291C75AAB1EDC2 /* Pods-GemSelection.debug.xcconfig */;
			buildSettings = {
				ASSETCATALOG_COMPILER_APPICON_NAME = AppIcon;
				CLANG_ENABLE_MODULES = YES;
				CODE_SIGN_ENTITLEMENTS = GemSelection/GemSelection.entitlements;
				CODE_SIGN_IDENTITY = "iPhone Developer";
				CODE_SIGN_STYLE = Automatic;
				DEVELOPMENT_TEAM = S9MM62BW22;
				ENABLE_BITCODE = YES;
				INFOPLIST_FILE = GemSelection/Info.plist;
				IPHONEOS_DEPLOYMENT_TARGET = 11.3;
				LD_RUNPATH_SEARCH_PATHS = "$(inherited) @executable_path/Frameworks";
				PRODUCT_BUNDLE_IDENTIFIER = com.atlas.GemSelection;
				PRODUCT_NAME = "$(TARGET_NAME)";
				SWIFT_OBJC_BRIDGING_HEADER = "GemSelectionapp-Bridging-Header.h";
				SWIFT_OPTIMIZATION_LEVEL = "-Onone";
				SWIFT_SWIFT3_OBJC_INFERENCE = On;
				SWIFT_VERSION = 4.0;
				TARGETED_DEVICE_FAMILY = "1,2";
			};
			name = Debug;
		};
		4668A4051F9FE63100CB64A7 /* Release */ = {
			isa = XCBuildConfiguration;
			baseConfigurationReference = 929E9134C2D0791ABF2605B6 /* Pods-GemSelection.release.xcconfig */;
			buildSettings = {
				ASSETCATALOG_COMPILER_APPICON_NAME = AppIcon;
				CLANG_ENABLE_MODULES = YES;
				CODE_SIGN_ENTITLEMENTS = GemSelection/GemSelection.entitlements;
				CODE_SIGN_IDENTITY = "iPhone Developer";
				CODE_SIGN_STYLE = Automatic;
				DEVELOPMENT_TEAM = S9MM62BW22;
				ENABLE_BITCODE = YES;
				INFOPLIST_FILE = GemSelection/Info.plist;
				IPHONEOS_DEPLOYMENT_TARGET = 11.3;
				LD_RUNPATH_SEARCH_PATHS = "$(inherited) @executable_path/Frameworks";
				PRODUCT_BUNDLE_IDENTIFIER = com.atlas.GemSelection;
				PRODUCT_NAME = "$(TARGET_NAME)";
				SWIFT_OBJC_BRIDGING_HEADER = "GemSelectionapp-Bridging-Header.h";
				SWIFT_SWIFT3_OBJC_INFERENCE = On;
				SWIFT_VERSION = 4.0;
				TARGETED_DEVICE_FAMILY = "1,2";
			};
			name = Release;
		};
/* End XCBuildConfiguration section */

/* Begin XCConfigurationList section */
		4668A3EC1F9FE63100CB64A7 /* Build configuration list for PBXProject "GemSelection" */ = {
			isa = XCConfigurationList;
			buildConfigurations = (
				4668A4011F9FE63100CB64A7 /* Debug */,
				4668A4021F9FE63100CB64A7 /* Release */,
			);
			defaultConfigurationIsVisible = 0;
			defaultConfigurationName = Release;
		};
		4668A4031F9FE63100CB64A7 /* Build configuration list for PBXNativeTarget "GemSelection" */ = {
			isa = XCConfigurationList;
			buildConfigurations = (
				4668A4041F9FE63100CB64A7 /* Debug */,
				4668A4051F9FE63100CB64A7 /* Release */,
			);
			defaultConfigurationIsVisible = 0;
			defaultConfigurationName = Release;
		};
/* End XCConfigurationList section */
	};
	rootObject = 4668A3E91F9FE63100CB64A7 /* Project object */;
}
